// !$*UTF8*$!
{
	archiveVersion = 1;
	classes = {
	};
	objectVersion = 51;
	objects = {

/* Begin PBXBuildFile section */
		1175F07525F69DDD0071EBD8 /* AKHeaderTitleLabel.swift in Sources */ = {isa = PBXBuildFile; fileRef = 1175F07425F69DDD0071EBD8 /* AKHeaderTitleLabel.swift */; };
		1175F07825F7AF170071EBD8 /* AKDarkGraySystemButton.swift in Sources */ = {isa = PBXBuildFile; fileRef = 1175F07725F7AF170071EBD8 /* AKDarkGraySystemButton.swift */; };
		117B9D6A25F9181B001B172A /* RegisterViewController.swift in Sources */ = {isa = PBXBuildFile; fileRef = 117B9D6925F9181B001B172A /* RegisterViewController.swift */; };
		11852E5025F3D48100C412FF /* TMMenuViewController.swift in Sources */ = {isa = PBXBuildFile; fileRef = 11852E4F25F3D48100C412FF /* TMMenuViewController.swift */; };
		11852E5325F3D49000C412FF /* TMDeliveryViewController.swift in Sources */ = {isa = PBXBuildFile; fileRef = 11852E5225F3D49000C412FF /* TMDeliveryViewController.swift */; };
		11852E5625F3D49F00C412FF /* TMBasketViewController.swift in Sources */ = {isa = PBXBuildFile; fileRef = 11852E5525F3D49F00C412FF /* TMBasketViewController.swift */; };
		11852E5A25F3D4E000C412FF /* TMMoreViewController.swift in Sources */ = {isa = PBXBuildFile; fileRef = 11852E5925F3D4E000C412FF /* TMMoreViewController.swift */; };
		11852E5D25F3D54F00C412FF /* TMTabBarViewController.swift in Sources */ = {isa = PBXBuildFile; fileRef = 11852E5C25F3D54F00C412FF /* TMTabBarViewController.swift */; };
		1193C19725EE4C5A00729DDB /* Colors.xcassets in Resources */ = {isa = PBXBuildFile; fileRef = 1193C19625EE4C5A00729DDB /* Colors.xcassets */; };
		11A5E5DA25F126A700908AB5 /* SocialMediaIcons.xcassets in Resources */ = {isa = PBXBuildFile; fileRef = 11A5E5D925F126A700908AB5 /* SocialMediaIcons.xcassets */; };
		11DE86F125ED83C000CFFD69 /* AppDelegate.swift in Sources */ = {isa = PBXBuildFile; fileRef = 11DE86F025ED83C000CFFD69 /* AppDelegate.swift */; };
		11DE86F325ED83C000CFFD69 /* SceneDelegate.swift in Sources */ = {isa = PBXBuildFile; fileRef = 11DE86F225ED83C000CFFD69 /* SceneDelegate.swift */; };
		11DE86F825ED83C000CFFD69 /* Main.storyboard in Resources */ = {isa = PBXBuildFile; fileRef = 11DE86F625ED83C000CFFD69 /* Main.storyboard */; };
		11DE86FA25ED83C700CFFD69 /* Assets.xcassets in Resources */ = {isa = PBXBuildFile; fileRef = 11DE86F925ED83C700CFFD69 /* Assets.xcassets */; };
		11DE86FD25ED83C700CFFD69 /* LaunchScreen.storyboard in Resources */ = {isa = PBXBuildFile; fileRef = 11DE86FB25ED83C700CFFD69 /* LaunchScreen.storyboard */; };
		11DE870925EE36DF00CFFD69 /* GreetingViewController.swift in Sources */ = {isa = PBXBuildFile; fileRef = 11DE870825EE36DF00CFFD69 /* GreetingViewController.swift */; };
		11DE871125EE3B6000CFFD69 /* AuthorizationViewController.swift in Sources */ = {isa = PBXBuildFile; fileRef = 11DE871025EE3B6000CFFD69 /* AuthorizationViewController.swift */; };
		11EF0E6325F227DB006FE5B8 /* ForgotPasswordViewController.swift in Sources */ = {isa = PBXBuildFile; fileRef = 11EF0E6225F227DB006FE5B8 /* ForgotPasswordViewController.swift */; };
		11EF0E6625F239B3006FE5B8 /* TMHomepageViewController.swift in Sources */ = {isa = PBXBuildFile; fileRef = 11EF0E6525F239B3006FE5B8 /* TMHomepageViewController.swift */; };
		11EF0E6A25F24B93006FE5B8 /* AKBigBlueButton.swift in Sources */ = {isa = PBXBuildFile; fileRef = 11EF0E6925F24B93006FE5B8 /* AKBigBlueButton.swift */; };
		11EF0E6D25F24EE7006FE5B8 /* AKWhiteAreaView.swift in Sources */ = {isa = PBXBuildFile; fileRef = 11EF0E6C25F24EE7006FE5B8 /* AKWhiteAreaView.swift */; };
		11EF0E7625F256EF006FE5B8 /* GoogleService-Info.plist in Resources */ = {isa = PBXBuildFile; fileRef = 11EF0E7525F256EF006FE5B8 /* GoogleService-Info.plist */; };
		A5665B6475732B466600DD95 /* Pods_TortyMozyrApp.framework in Frameworks */ = {isa = PBXBuildFile; fileRef = 58F213603539E15B2F34A3C6 /* Pods_TortyMozyrApp.framework */; };
/* End PBXBuildFile section */

/* Begin PBXFileReference section */
		1175F07425F69DDD0071EBD8 /* AKHeaderTitleLabel.swift */ = {isa = PBXFileReference; lastKnownFileType = sourcecode.swift; path = AKHeaderTitleLabel.swift; sourceTree = "<group>"; };
		1175F07725F7AF170071EBD8 /* AKDarkGraySystemButton.swift */ = {isa = PBXFileReference; lastKnownFileType = sourcecode.swift; path = AKDarkGraySystemButton.swift; sourceTree = "<group>"; };
		117B9D6925F9181B001B172A /* RegisterViewController.swift */ = {isa = PBXFileReference; lastKnownFileType = sourcecode.swift; path = RegisterViewController.swift; sourceTree = "<group>"; };
		11852E4F25F3D48100C412FF /* TMMenuViewController.swift */ = {isa = PBXFileReference; lastKnownFileType = sourcecode.swift; path = TMMenuViewController.swift; sourceTree = "<group>"; };
		11852E5225F3D49000C412FF /* TMDeliveryViewController.swift */ = {isa = PBXFileReference; lastKnownFileType = sourcecode.swift; path = TMDeliveryViewController.swift; sourceTree = "<group>"; };
		11852E5525F3D49F00C412FF /* TMBasketViewController.swift */ = {isa = PBXFileReference; lastKnownFileType = sourcecode.swift; path = TMBasketViewController.swift; sourceTree = "<group>"; };
		11852E5925F3D4E000C412FF /* TMMoreViewController.swift */ = {isa = PBXFileReference; lastKnownFileType = sourcecode.swift; path = TMMoreViewController.swift; sourceTree = "<group>"; };
		11852E5C25F3D54F00C412FF /* TMTabBarViewController.swift */ = {isa = PBXFileReference; lastKnownFileType = sourcecode.swift; path = TMTabBarViewController.swift; sourceTree = "<group>"; };
		1193C19625EE4C5A00729DDB /* Colors.xcassets */ = {isa = PBXFileReference; lastKnownFileType = folder.assetcatalog; path = Colors.xcassets; sourceTree = "<group>"; };
		11A5E5D925F126A700908AB5 /* SocialMediaIcons.xcassets */ = {isa = PBXFileReference; lastKnownFileType = folder.assetcatalog; path = SocialMediaIcons.xcassets; sourceTree = "<group>"; };
		11DE86ED25ED83C000CFFD69 /* TortyMozyrApp.app */ = {isa = PBXFileReference; explicitFileType = wrapper.application; includeInIndex = 0; path = TortyMozyrApp.app; sourceTree = BUILT_PRODUCTS_DIR; };
		11DE86F025ED83C000CFFD69 /* AppDelegate.swift */ = {isa = PBXFileReference; lastKnownFileType = sourcecode.swift; path = AppDelegate.swift; sourceTree = "<group>"; };
		11DE86F225ED83C000CFFD69 /* SceneDelegate.swift */ = {isa = PBXFileReference; lastKnownFileType = sourcecode.swift; path = SceneDelegate.swift; sourceTree = "<group>"; };
		11DE86F725ED83C000CFFD69 /* Base */ = {isa = PBXFileReference; lastKnownFileType = file.storyboard; name = Base; path = Base.lproj/Main.storyboard; sourceTree = "<group>"; };
		11DE86F925ED83C700CFFD69 /* Assets.xcassets */ = {isa = PBXFileReference; lastKnownFileType = folder.assetcatalog; path = Assets.xcassets; sourceTree = "<group>"; };
		11DE86FC25ED83C700CFFD69 /* Base */ = {isa = PBXFileReference; lastKnownFileType = file.storyboard; name = Base; path = Base.lproj/LaunchScreen.storyboard; sourceTree = "<group>"; };
		11DE86FE25ED83C700CFFD69 /* Info.plist */ = {isa = PBXFileReference; lastKnownFileType = text.plist.xml; path = Info.plist; sourceTree = "<group>"; };
		11DE870825EE36DF00CFFD69 /* GreetingViewController.swift */ = {isa = PBXFileReference; lastKnownFileType = sourcecode.swift; path = GreetingViewController.swift; sourceTree = "<group>"; };
		11DE871025EE3B6000CFFD69 /* AuthorizationViewController.swift */ = {isa = PBXFileReference; lastKnownFileType = sourcecode.swift; path = AuthorizationViewController.swift; sourceTree = "<group>"; };
		11EF0E6225F227DB006FE5B8 /* ForgotPasswordViewController.swift */ = {isa = PBXFileReference; lastKnownFileType = sourcecode.swift; path = ForgotPasswordViewController.swift; sourceTree = "<group>"; };
		11EF0E6525F239B3006FE5B8 /* TMHomepageViewController.swift */ = {isa = PBXFileReference; lastKnownFileType = sourcecode.swift; path = TMHomepageViewController.swift; sourceTree = "<group>"; };
		11EF0E6925F24B93006FE5B8 /* AKBigBlueButton.swift */ = {isa = PBXFileReference; lastKnownFileType = sourcecode.swift; path = AKBigBlueButton.swift; sourceTree = "<group>"; };
		11EF0E6C25F24EE7006FE5B8 /* AKWhiteAreaView.swift */ = {isa = PBXFileReference; lastKnownFileType = sourcecode.swift; path = AKWhiteAreaView.swift; sourceTree = "<group>"; };
		11EF0E7525F256EF006FE5B8 /* GoogleService-Info.plist */ = {isa = PBXFileReference; fileEncoding = 4; lastKnownFileType = text.plist.xml; path = "GoogleService-Info.plist"; sourceTree = "<group>"; };
		58D93A5ACFBA7CCBEBE69502 /* Pods-TortyMozyrApp.release.xcconfig */ = {isa = PBXFileReference; includeInIndex = 1; lastKnownFileType = text.xcconfig; name = "Pods-TortyMozyrApp.release.xcconfig"; path = "Target Support Files/Pods-TortyMozyrApp/Pods-TortyMozyrApp.release.xcconfig"; sourceTree = "<group>"; };
		58F213603539E15B2F34A3C6 /* Pods_TortyMozyrApp.framework */ = {isa = PBXFileReference; explicitFileType = wrapper.framework; includeInIndex = 0; path = Pods_TortyMozyrApp.framework; sourceTree = BUILT_PRODUCTS_DIR; };
		727774C5D70190DFB0F8BFFA /* Pods-TortyMozyrApp.debug.xcconfig */ = {isa = PBXFileReference; includeInIndex = 1; lastKnownFileType = text.xcconfig; name = "Pods-TortyMozyrApp.debug.xcconfig"; path = "Target Support Files/Pods-TortyMozyrApp/Pods-TortyMozyrApp.debug.xcconfig"; sourceTree = "<group>"; };
/* End PBXFileReference section */

/* Begin PBXFrameworksBuildPhase section */
		11DE86EA25ED83C000CFFD69 /* Frameworks */ = {
			isa = PBXFrameworksBuildPhase;
			buildActionMask = 2147483647;
			files = (
				A5665B6475732B466600DD95 /* Pods_TortyMozyrApp.framework in Frameworks */,
			);
			runOnlyForDeploymentPostprocessing = 0;
		};
/* End PBXFrameworksBuildPhase section */

/* Begin PBXGroup section */
		11852E6025F3DCFA00C412FF /* Auth */ = {
			isa = PBXGroup;
			children = (
				11DE870825EE36DF00CFFD69 /* GreetingViewController.swift */,
				11DE871025EE3B6000CFFD69 /* AuthorizationViewController.swift */,
				11EF0E6225F227DB006FE5B8 /* ForgotPasswordViewController.swift */,
				117B9D6925F9181B001B172A /* RegisterViewController.swift */,
			);
			path = Auth;
			sourceTree = "<group>";
		};
		11DE86E425ED83C000CFFD69 = {
			isa = PBXGroup;
			children = (
				11DE870B25EE3ACA00CFFD69 /* Views */,
				11DE86EF25ED83C000CFFD69 /* TortyMozyrApp */,
				11DE86EE25ED83C000CFFD69 /* Products */,
				8CE43C6D595F6EF3C85E2C22 /* Pods */,
				7AB6C316F50562E124A4767E /* Frameworks */,
			);
			sourceTree = "<group>";
		};
		11DE86EE25ED83C000CFFD69 /* Products */ = {
			isa = PBXGroup;
			children = (
				11DE86ED25ED83C000CFFD69 /* TortyMozyrApp.app */,
			);
			name = Products;
			sourceTree = "<group>";
		};
		11DE86EF25ED83C000CFFD69 /* TortyMozyrApp */ = {
			isa = PBXGroup;
			children = (
				11DE870F25EE3B1600CFFD69 /* Resources */,
				11DE870E25EE3AF500CFFD69 /* Controllers */,
				11DE870D25EE3AE000CFFD69 /* Extensions */,
				11DE870C25EE3AD700CFFD69 /* Models */,
				11DE86F025ED83C000CFFD69 /* AppDelegate.swift */,
				11DE86F225ED83C000CFFD69 /* SceneDelegate.swift */,
				11DE86F625ED83C000CFFD69 /* Main.storyboard */,
				11DE86FE25ED83C700CFFD69 /* Info.plist */,
				11EF0E7525F256EF006FE5B8 /* GoogleService-Info.plist */,
			);
			path = TortyMozyrApp;
			sourceTree = "<group>";
		};
		11DE870B25EE3ACA00CFFD69 /* Views */ = {
			isa = PBXGroup;
			children = (
			);
			path = Views;
			sourceTree = "<group>";
		};
		11DE870C25EE3AD700CFFD69 /* Models */ = {
			isa = PBXGroup;
			children = (
				11EF0E6925F24B93006FE5B8 /* AKBigBlueButton.swift */,
				11EF0E6C25F24EE7006FE5B8 /* AKWhiteAreaView.swift */,
				1175F07425F69DDD0071EBD8 /* AKHeaderTitleLabel.swift */,
				1175F07725F7AF170071EBD8 /* AKDarkGraySystemButton.swift */,
			);
			path = Models;
			sourceTree = "<group>";
		};
		11DE870D25EE3AE000CFFD69 /* Extensions */ = {
			isa = PBXGroup;
			children = (
			);
			path = Extensions;
			sourceTree = "<group>";
		};
		11DE870E25EE3AF500CFFD69 /* Controllers */ = {
			isa = PBXGroup;
			children = (
				11852E6025F3DCFA00C412FF /* Auth */,
				11852E5C25F3D54F00C412FF /* TMTabBarViewController.swift */,
				11EF0E6525F239B3006FE5B8 /* TMHomepageViewController.swift */,
				11852E4F25F3D48100C412FF /* TMMenuViewController.swift */,
				11852E5225F3D49000C412FF /* TMDeliveryViewController.swift */,
				11852E5525F3D49F00C412FF /* TMBasketViewController.swift */,
				11852E5925F3D4E000C412FF /* TMMoreViewController.swift */,
			);
			path = Controllers;
			sourceTree = "<group>";
		};
		11DE870F25EE3B1600CFFD69 /* Resources */ = {
			isa = PBXGroup;
			children = (
				11DE86F925ED83C700CFFD69 /* Assets.xcassets */,
				1193C19625EE4C5A00729DDB /* Colors.xcassets */,
				11A5E5D925F126A700908AB5 /* SocialMediaIcons.xcassets */,
				11DE86FB25ED83C700CFFD69 /* LaunchScreen.storyboard */,
			);
			path = Resources;
			sourceTree = "<group>";
		};
		7AB6C316F50562E124A4767E /* Frameworks */ = {
			isa = PBXGroup;
			children = (
				58F213603539E15B2F34A3C6 /* Pods_TortyMozyrApp.framework */,
			);
			name = Frameworks;
			sourceTree = "<group>";
		};
		8CE43C6D595F6EF3C85E2C22 /* Pods */ = {
			isa = PBXGroup;
			children = (
				727774C5D70190DFB0F8BFFA /* Pods-TortyMozyrApp.debug.xcconfig */,
				58D93A5ACFBA7CCBEBE69502 /* Pods-TortyMozyrApp.release.xcconfig */,
			);
			path = Pods;
			sourceTree = "<group>";
		};
/* End PBXGroup section */

/* Begin PBXNativeTarget section */
		11DE86EC25ED83C000CFFD69 /* TortyMozyrApp */ = {
			isa = PBXNativeTarget;
			buildConfigurationList = 11DE870125ED83C700CFFD69 /* Build configuration list for PBXNativeTarget "TortyMozyrApp" */;
			buildPhases = (
				4514C73058DCE32D71107CF5 /* [CP] Check Pods Manifest.lock */,
				11DE86E925ED83C000CFFD69 /* Sources */,
				11DE86EA25ED83C000CFFD69 /* Frameworks */,
				11DE86EB25ED83C000CFFD69 /* Resources */,
				11DE870525ED850600CFFD69 /* ShellScript */,
				7759A0E5A5DFF53CF7D96A4F /* [CP] Embed Pods Frameworks */,
			);
			buildRules = (
			);
			dependencies = (
			);
			name = TortyMozyrApp;
			productName = TortyMozyrApp;
			productReference = 11DE86ED25ED83C000CFFD69 /* TortyMozyrApp.app */;
			productType = "com.apple.product-type.application";
		};
/* End PBXNativeTarget section */

/* Begin PBXProject section */
		11DE86E525ED83C000CFFD69 /* Project object */ = {
			isa = PBXProject;
			attributes = {
				LastSwiftUpdateCheck = 1240;
				LastUpgradeCheck = 1240;
				TargetAttributes = {
					11DE86EC25ED83C000CFFD69 = {
						CreatedOnToolsVersion = 12.4;
					};
				};
			};
			buildConfigurationList = 11DE86E825ED83C000CFFD69 /* Build configuration list for PBXProject "TortyMozyrApp" */;
			compatibilityVersion = "Xcode 9.3";
			developmentRegion = en;
			hasScannedForEncodings = 0;
			knownRegions = (
				en,
				Base,
			);
			mainGroup = 11DE86E425ED83C000CFFD69;
			productRefGroup = 11DE86EE25ED83C000CFFD69 /* Products */;
			projectDirPath = "";
			projectRoot = "";
			targets = (
				11DE86EC25ED83C000CFFD69 /* TortyMozyrApp */,
			);
		};
/* End PBXProject section */

/* Begin PBXResourcesBuildPhase section */
		11DE86EB25ED83C000CFFD69 /* Resources */ = {
			isa = PBXResourcesBuildPhase;
			buildActionMask = 2147483647;
			files = (
				11DE86FD25ED83C700CFFD69 /* LaunchScreen.storyboard in Resources */,
				1193C19725EE4C5A00729DDB /* Colors.xcassets in Resources */,
				11DE86FA25ED83C700CFFD69 /* Assets.xcassets in Resources */,
				11DE86F825ED83C000CFFD69 /* Main.storyboard in Resources */,
				11A5E5DA25F126A700908AB5 /* SocialMediaIcons.xcassets in Resources */,
				11EF0E7625F256EF006FE5B8 /* GoogleService-Info.plist in Resources */,
			);
			runOnlyForDeploymentPostprocessing = 0;
		};
/* End PBXResourcesBuildPhase section */

/* Begin PBXShellScriptBuildPhase section */
		11DE870525ED850600CFFD69 /* ShellScript */ = {
			isa = PBXShellScriptBuildPhase;
			buildActionMask = 2147483647;
			files = (
			);
			inputFileListPaths = (
			);
			inputPaths = (
			);
			outputFileListPaths = (
			);
			outputPaths = (
			);
			runOnlyForDeploymentPostprocessing = 0;
			shellPath = /bin/sh;
			shellScript = "if which swiftlint >/dev/null; then\n  swiftlint\nelse\n  echo \"warning: SwiftLint not installed, download from https://github.com/realm/SwiftLint\"\nfi\n";
		};
		4514C73058DCE32D71107CF5 /* [CP] Check Pods Manifest.lock */ = {
			isa = PBXShellScriptBuildPhase;
			buildActionMask = 2147483647;
			files = (
			);
			inputFileListPaths = (
			);
			inputPaths = (
				"${PODS_PODFILE_DIR_PATH}/Podfile.lock",
				"${PODS_ROOT}/Manifest.lock",
			);
			name = "[CP] Check Pods Manifest.lock";
			outputFileListPaths = (
			);
			outputPaths = (
				"$(DERIVED_FILE_DIR)/Pods-TortyMozyrApp-checkManifestLockResult.txt",
			);
			runOnlyForDeploymentPostprocessing = 0;
			shellPath = /bin/sh;
			shellScript = "diff \"${PODS_PODFILE_DIR_PATH}/Podfile.lock\" \"${PODS_ROOT}/Manifest.lock\" > /dev/null\nif [ $? != 0 ] ; then\n    # print error to STDERR\n    echo \"error: The sandbox is not in sync with the Podfile.lock. Run 'pod install' or update your CocoaPods installation.\" >&2\n    exit 1\nfi\n# This output is used by Xcode 'outputs' to avoid re-running this script phase.\necho \"SUCCESS\" > \"${SCRIPT_OUTPUT_FILE_0}\"\n";
			showEnvVarsInLog = 0;
		};
		7759A0E5A5DFF53CF7D96A4F /* [CP] Embed Pods Frameworks */ = {
			isa = PBXShellScriptBuildPhase;
			buildActionMask = 2147483647;
			files = (
			);
			inputFileListPaths = (
				"${PODS_ROOT}/Target Support Files/Pods-TortyMozyrApp/Pods-TortyMozyrApp-frameworks-${CONFIGURATION}-input-files.xcfilelist",
			);
			name = "[CP] Embed Pods Frameworks";
			outputFileListPaths = (
				"${PODS_ROOT}/Target Support Files/Pods-TortyMozyrApp/Pods-TortyMozyrApp-frameworks-${CONFIGURATION}-output-files.xcfilelist",
			);
			runOnlyForDeploymentPostprocessing = 0;
			shellPath = /bin/sh;
			shellScript = "\"${PODS_ROOT}/Target Support Files/Pods-TortyMozyrApp/Pods-TortyMozyrApp-frameworks.sh\"\n";
			showEnvVarsInLog = 0;
		};
/* End PBXShellScriptBuildPhase section */

/* Begin PBXSourcesBuildPhase section */
		11DE86E925ED83C000CFFD69 /* Sources */ = {
			isa = PBXSourcesBuildPhase;
			buildActionMask = 2147483647;
			files = (
				11DE871125EE3B6000CFFD69 /* AuthorizationViewController.swift in Sources */,
				1175F07825F7AF170071EBD8 /* AKDarkGraySystemButton.swift in Sources */,
				11852E5625F3D49F00C412FF /* TMBasketViewController.swift in Sources */,
				11EF0E6325F227DB006FE5B8 /* ForgotPasswordViewController.swift in Sources */,
				11852E5025F3D48100C412FF /* TMMenuViewController.swift in Sources */,
				11852E5D25F3D54F00C412FF /* TMTabBarViewController.swift in Sources */,
				11852E5A25F3D4E000C412FF /* TMMoreViewController.swift in Sources */,
				11EF0E6D25F24EE7006FE5B8 /* AKWhiteAreaView.swift in Sources */,
				11852E5325F3D49000C412FF /* TMDeliveryViewController.swift in Sources */,
				11EF0E6625F239B3006FE5B8 /* TMHomepageViewController.swift in Sources */,
				11EF0E6A25F24B93006FE5B8 /* AKBigBlueButton.swift in Sources */,
				11DE86F125ED83C000CFFD69 /* AppDelegate.swift in Sources */,
				117B9D6A25F9181B001B172A /* RegisterViewController.swift in Sources */,
				11DE870925EE36DF00CFFD69 /* GreetingViewController.swift in Sources */,
				1175F07525F69DDD0071EBD8 /* AKHeaderTitleLabel.swift in Sources */,
				11DE86F325ED83C000CFFD69 /* SceneDelegate.swift in Sources */,
			);
			runOnlyForDeploymentPostprocessing = 0;
		};
/* End PBXSourcesBuildPhase section */

/* Begin PBXVariantGroup section */
		11DE86F625ED83C000CFFD69 /* Main.storyboard */ = {
			isa = PBXVariantGroup;
			children = (
				11DE86F725ED83C000CFFD69 /* Base */,
			);
			name = Main.storyboard;
			sourceTree = "<group>";
		};
		11DE86FB25ED83C700CFFD69 /* LaunchScreen.storyboard */ = {
			isa = PBXVariantGroup;
			children = (
				11DE86FC25ED83C700CFFD69 /* Base */,
			);
			name = LaunchScreen.storyboard;
			sourceTree = "<group>";
		};
/* End PBXVariantGroup section */

/* Begin XCBuildConfiguration section */
		11DE86FF25ED83C700CFFD69 /* Debug */ = {
			isa = XCBuildConfiguration;
			buildSettings = {
				ALWAYS_SEARCH_USER_PATHS = NO;
				CLANG_ANALYZER_NONNULL = YES;
				CLANG_ANALYZER_NUMBER_OBJECT_CONVERSION = YES_AGGRESSIVE;
				CLANG_CXX_LANGUAGE_STANDARD = "gnu++14";
				CLANG_CXX_LIBRARY = "libc++";
				CLANG_ENABLE_MODULES = YES;
				CLANG_ENABLE_OBJC_ARC = YES;
				CLANG_ENABLE_OBJC_WEAK = YES;
				CLANG_WARN_BLOCK_CAPTURE_AUTORELEASING = YES;
				CLANG_WARN_BOOL_CONVERSION = YES;
				CLANG_WARN_COMMA = YES;
				CLANG_WARN_CONSTANT_CONVERSION = YES;
				CLANG_WARN_DEPRECATED_OBJC_IMPLEMENTATIONS = YES;
				CLANG_WARN_DIRECT_OBJC_ISA_USAGE = YES_ERROR;
				CLANG_WARN_DOCUMENTATION_COMMENTS = YES;
				CLANG_WARN_EMPTY_BODY = YES;
				CLANG_WARN_ENUM_CONVERSION = YES;
				CLANG_WARN_INFINITE_RECURSION = YES;
				CLANG_WARN_INT_CONVERSION = YES;
				CLANG_WARN_NON_LITERAL_NULL_CONVERSION = YES;
				CLANG_WARN_OBJC_IMPLICIT_RETAIN_SELF = YES;
				CLANG_WARN_OBJC_LITERAL_CONVERSION = YES;
				CLANG_WARN_OBJC_ROOT_CLASS = YES_ERROR;
				CLANG_WARN_QUOTED_INCLUDE_IN_FRAMEWORK_HEADER = YES;
				CLANG_WARN_RANGE_LOOP_ANALYSIS = YES;
				CLANG_WARN_STRICT_PROTOTYPES = YES;
				CLANG_WARN_SUSPICIOUS_MOVE = YES;
				CLANG_WARN_UNGUARDED_AVAILABILITY = YES_AGGRESSIVE;
				CLANG_WARN_UNREACHABLE_CODE = YES;
				CLANG_WARN__DUPLICATE_METHOD_MATCH = YES;
				COPY_PHASE_STRIP = NO;
				DEBUG_INFORMATION_FORMAT = dwarf;
				ENABLE_STRICT_OBJC_MSGSEND = YES;
				ENABLE_TESTABILITY = YES;
				GCC_C_LANGUAGE_STANDARD = gnu11;
				GCC_DYNAMIC_NO_PIC = NO;
				GCC_NO_COMMON_BLOCKS = YES;
				GCC_OPTIMIZATION_LEVEL = 0;
				GCC_PREPROCESSOR_DEFINITIONS = (
					"DEBUG=1",
					"$(inherited)",
				);
				GCC_WARN_64_TO_32_BIT_CONVERSION = YES;
				GCC_WARN_ABOUT_RETURN_TYPE = YES_ERROR;
				GCC_WARN_UNDECLARED_SELECTOR = YES;
				GCC_WARN_UNINITIALIZED_AUTOS = YES_AGGRESSIVE;
				GCC_WARN_UNUSED_FUNCTION = YES;
				GCC_WARN_UNUSED_VARIABLE = YES;
				IPHONEOS_DEPLOYMENT_TARGET = 14.4;
				MTL_ENABLE_DEBUG_INFO = INCLUDE_SOURCE;
				MTL_FAST_MATH = YES;
				ONLY_ACTIVE_ARCH = YES;
				SDKROOT = iphoneos;
				SWIFT_ACTIVE_COMPILATION_CONDITIONS = DEBUG;
				SWIFT_OPTIMIZATION_LEVEL = "-Onone";
			};
			name = Debug;
		};
		11DE870025ED83C700CFFD69 /* Release */ = {
			isa = XCBuildConfiguration;
			buildSettings = {
				ALWAYS_SEARCH_USER_PATHS = NO;
				CLANG_ANALYZER_NONNULL = YES;
				CLANG_ANALYZER_NUMBER_OBJECT_CONVERSION = YES_AGGRESSIVE;
				CLANG_CXX_LANGUAGE_STANDARD = "gnu++14";
				CLANG_CXX_LIBRARY = "libc++";
				CLANG_ENABLE_MODULES = YES;
				CLANG_ENABLE_OBJC_ARC = YES;
				CLANG_ENABLE_OBJC_WEAK = YES;
				CLANG_WARN_BLOCK_CAPTURE_AUTORELEASING = YES;
				CLANG_WARN_BOOL_CONVERSION = YES;
				CLANG_WARN_COMMA = YES;
				CLANG_WARN_CONSTANT_CONVERSION = YES;
				CLANG_WARN_DEPRECATED_OBJC_IMPLEMENTATIONS = YES;
				CLANG_WARN_DIRECT_OBJC_ISA_USAGE = YES_ERROR;
				CLANG_WARN_DOCUMENTATION_COMMENTS = YES;
				CLANG_WARN_EMPTY_BODY = YES;
				CLANG_WARN_ENUM_CONVERSION = YES;
				CLANG_WARN_INFINITE_RECURSION = YES;
				CLANG_WARN_INT_CONVERSION = YES;
				CLANG_WARN_NON_LITERAL_NULL_CONVERSION = YES;
				CLANG_WARN_OBJC_IMPLICIT_RETAIN_SELF = YES;
				CLANG_WARN_OBJC_LITERAL_CONVERSION = YES;
				CLANG_WARN_OBJC_ROOT_CLASS = YES_ERROR;
				CLANG_WARN_QUOTED_INCLUDE_IN_FRAMEWORK_HEADER = YES;
				CLANG_WARN_RANGE_LOOP_ANALYSIS = YES;
				CLANG_WARN_STRICT_PROTOTYPES = YES;
				CLANG_WARN_SUSPICIOUS_MOVE = YES;
				CLANG_WARN_UNGUARDED_AVAILABILITY = YES_AGGRESSIVE;
				CLANG_WARN_UNREACHABLE_CODE = YES;
				CLANG_WARN__DUPLICATE_METHOD_MATCH = YES;
				COPY_PHASE_STRIP = NO;
				DEBUG_INFORMATION_FORMAT = "dwarf-with-dsym";
				ENABLE_NS_ASSERTIONS = NO;
				ENABLE_STRICT_OBJC_MSGSEND = YES;
				GCC_C_LANGUAGE_STANDARD = gnu11;
				GCC_NO_COMMON_BLOCKS = YES;
				GCC_WARN_64_TO_32_BIT_CONVERSION = YES;
				GCC_WARN_ABOUT_RETURN_TYPE = YES_ERROR;
				GCC_WARN_UNDECLARED_SELECTOR = YES;
				GCC_WARN_UNINITIALIZED_AUTOS = YES_AGGRESSIVE;
				GCC_WARN_UNUSED_FUNCTION = YES;
				GCC_WARN_UNUSED_VARIABLE = YES;
				IPHONEOS_DEPLOYMENT_TARGET = 14.4;
				MTL_ENABLE_DEBUG_INFO = NO;
				MTL_FAST_MATH = YES;
				SDKROOT = iphoneos;
				SWIFT_COMPILATION_MODE = wholemodule;
				SWIFT_OPTIMIZATION_LEVEL = "-O";
				VALIDATE_PRODUCT = YES;
			};
			name = Release;
		};
		11DE870225ED83C700CFFD69 /* Debug */ = {
			isa = XCBuildConfiguration;
			baseConfigurationReference = 727774C5D70190DFB0F8BFFA /* Pods-TortyMozyrApp.debug.xcconfig */;
			buildSettings = {
				ASSETCATALOG_COMPILER_APPICON_NAME = AppIcon;
				ASSETCATALOG_COMPILER_GLOBAL_ACCENT_COLOR_NAME = AccentColor;
				CODE_SIGN_STYLE = Automatic;
				DEVELOPMENT_TEAM = 7DH4AL3XKU;
				INFOPLIST_FILE = TortyMozyrApp/Info.plist;
				LD_RUNPATH_SEARCH_PATHS = (
					"$(inherited)",
					"@executable_path/Frameworks",
				);
				PRODUCT_BUNDLE_IDENTIFIER = by.kapchuk.TortyMozyrApp;
				PRODUCT_NAME = "$(TARGET_NAME)";
				SWIFT_VERSION = 5.0;
				TARGETED_DEVICE_FAMILY = "1,2";
			};
			name = Debug;
		};
		11DE870325ED83C700CFFD69 /* Release */ = {
			isa = XCBuildConfiguration;
			baseConfigurationReference = 58D93A5ACFBA7CCBEBE69502 /* Pods-TortyMozyrApp.release.xcconfig */;
			buildSettings = {
				ASSETCATALOG_COMPILER_APPICON_NAME = AppIcon;
				ASSETCATALOG_COMPILER_GLOBAL_ACCENT_COLOR_NAME = AccentColor;
				CODE_SIGN_STYLE = Automatic;
				DEVELOPMENT_TEAM = 7DH4AL3XKU;
				INFOPLIST_FILE = TortyMozyrApp/Info.plist;
				LD_RUNPATH_SEARCH_PATHS = (
					"$(inherited)",
					"@executable_path/Frameworks",
				);
				PRODUCT_BUNDLE_IDENTIFIER = by.kapchuk.TortyMozyrApp;
				PRODUCT_NAME = "$(TARGET_NAME)";
				SWIFT_VERSION = 5.0;
				TARGETED_DEVICE_FAMILY = "1,2";
			};
			name = Release;
		};
/* End XCBuildConfiguration section */

/* Begin XCConfigurationList section */
		11DE86E825ED83C000CFFD69 /* Build configuration list for PBXProject "TortyMozyrApp" */ = {
			isa = XCConfigurationList;
			buildConfigurations = (
				11DE86FF25ED83C700CFFD69 /* Debug */,
				11DE870025ED83C700CFFD69 /* Release */,
			);
			defaultConfigurationIsVisible = 0;
			defaultConfigurationName = Release;
		};
		11DE870125ED83C700CFFD69 /* Build configuration list for PBXNativeTarget "TortyMozyrApp" */ = {
			isa = XCConfigurationList;
			buildConfigurations = (
				11DE870225ED83C700CFFD69 /* Debug */,
				11DE870325ED83C700CFFD69 /* Release */,
			);
			defaultConfigurationIsVisible = 0;
			defaultConfigurationName = Release;
		};
/* End XCConfigurationList section */
	};
	rootObject = 11DE86E525ED83C000CFFD69 /* Project object */;
}
