// !$*UTF8*$!
{
	archiveVersion = 1;
	classes = {
	};
	objectVersion = 51;
	objects = {

/* Begin PBXBuildFile section */
		11057A572603576C003AB1B9 /* AKAboutViewController.swift in Sources */ = {isa = PBXBuildFile; fileRef = 11057A562603576C003AB1B9 /* AKAboutViewController.swift */; };
		11057A5C260359D0003AB1B9 /* Media.xcassets in Resources */ = {isa = PBXBuildFile; fileRef = 11057A5B260359D0003AB1B9 /* Media.xcassets */; };
		1110544625FB9E77002A6E79 /* AKCorporateBackgroundImageView.swift in Sources */ = {isa = PBXBuildFile; fileRef = 1110544525FB9E77002A6E79 /* AKCorporateBackgroundImageView.swift */; };
		1110544925FBA0F8002A6E79 /* AKSubheaderTitleLabel.swift in Sources */ = {isa = PBXBuildFile; fileRef = 1110544825FBA0F8002A6E79 /* AKSubheaderTitleLabel.swift */; };
		111887A52624389500B5E97E /* TMMainMenuViewController.swift in Sources */ = {isa = PBXBuildFile; fileRef = 111887A42624389400B5E97E /* TMMainMenuViewController.swift */; };
		111887A926243C7800B5E97E /* TMMenuItemCell.swift in Sources */ = {isa = PBXBuildFile; fileRef = 111887A826243C7800B5E97E /* TMMenuItemCell.swift */; };
		111887AC26243DD400B5E97E /* TMMenuItemModel.swift in Sources */ = {isa = PBXBuildFile; fileRef = 111887AB26243DD400B5E97E /* TMMenuItemModel.swift */; };
		1118A4A02604E95000AF722E /* delivery.map.json in Resources */ = {isa = PBXBuildFile; fileRef = 1118A49E2604E95000AF722E /* delivery.map.json */; };
		114B697A2626389F00376E11 /* CustomDeliveryData.swift in Sources */ = {isa = PBXBuildFile; fileRef = 114B69792626389F00376E11 /* CustomDeliveryData.swift */; };
		1156C20E260297CF00E85F37 /* AKStepper.swift in Sources */ = {isa = PBXBuildFile; fileRef = 1156C20D260297CF00E85F37 /* AKStepper.swift */; };
		1175DC482624240B007C52B4 /* AKSorryPageViewController.swift in Sources */ = {isa = PBXBuildFile; fileRef = 1175DC472624240B007C52B4 /* AKSorryPageViewController.swift */; };
		1175F07525F69DDD0071EBD8 /* AKHeaderTitleLabel.swift in Sources */ = {isa = PBXBuildFile; fileRef = 1175F07425F69DDD0071EBD8 /* AKHeaderTitleLabel.swift */; };
		1175F07825F7AF170071EBD8 /* AKSystemButton.swift in Sources */ = {isa = PBXBuildFile; fileRef = 1175F07725F7AF170071EBD8 /* AKSystemButton.swift */; };
		11787670260C49A900970385 /* AKBasket.swift in Sources */ = {isa = PBXBuildFile; fileRef = 1178766F260C49A900970385 /* AKBasket.swift */; };
		117B9D6A25F9181B001B172A /* RegisterViewController.swift in Sources */ = {isa = PBXBuildFile; fileRef = 117B9D6925F9181B001B172A /* RegisterViewController.swift */; };
		1181BD022618775500B42647 /* AKActualCell.swift in Sources */ = {isa = PBXBuildFile; fileRef = 1181BD012618775500B42647 /* AKActualCell.swift */; };
		1181BD07261878E900B42647 /* AKActualTableViewController.swift in Sources */ = {isa = PBXBuildFile; fileRef = 1181BD06261878E900B42647 /* AKActualTableViewController.swift */; };
		11852E5025F3D48100C412FF /* TMMenuViewController.swift in Sources */ = {isa = PBXBuildFile; fileRef = 11852E4F25F3D48100C412FF /* TMMenuViewController.swift */; };
		11852E5325F3D49000C412FF /* TMDeliveryViewController.swift in Sources */ = {isa = PBXBuildFile; fileRef = 11852E5225F3D49000C412FF /* TMDeliveryViewController.swift */; };
		11852E5625F3D49F00C412FF /* TMBasketViewController.swift in Sources */ = {isa = PBXBuildFile; fileRef = 11852E5525F3D49F00C412FF /* TMBasketViewController.swift */; };
		11852E5A25F3D4E000C412FF /* TMMoreViewController.swift in Sources */ = {isa = PBXBuildFile; fileRef = 11852E5925F3D4E000C412FF /* TMMoreViewController.swift */; };
		11852E5D25F3D54F00C412FF /* TMTabBarViewController.swift in Sources */ = {isa = PBXBuildFile; fileRef = 11852E5C25F3D54F00C412FF /* TMTabBarViewController.swift */; };
		118C3F942602111D00CCED7E /* AKBasketItemCell.swift in Sources */ = {isa = PBXBuildFile; fileRef = 118C3F932602111C00CCED7E /* AKBasketItemCell.swift */; };
		118C3F9926024D3700CCED7E /* AKViewController.swift in Sources */ = {isa = PBXBuildFile; fileRef = 118C3F9826024D3700CCED7E /* AKViewController.swift */; };
		1193C19725EE4C5A00729DDB /* Colors.xcassets in Resources */ = {isa = PBXBuildFile; fileRef = 1193C19625EE4C5A00729DDB /* Colors.xcassets */; };
		11A5E5DA25F126A700908AB5 /* SocialMediaIcons.xcassets in Resources */ = {isa = PBXBuildFile; fileRef = 11A5E5D925F126A700908AB5 /* SocialMediaIcons.xcassets */; };
		11AE541625FB96E70064B3EA /* AKDecrscriptionTitleLable.swift in Sources */ = {isa = PBXBuildFile; fileRef = 11AE541525FB96E70064B3EA /* AKDecrscriptionTitleLable.swift */; };
		11AE541925FB99000064B3EA /* AKSmallBlueButton.swift in Sources */ = {isa = PBXBuildFile; fileRef = 11AE541825FB99000064B3EA /* AKSmallBlueButton.swift */; };
		11AE541C25FB9AE00064B3EA /* AKGrayThinDividerView.swift in Sources */ = {isa = PBXBuildFile; fileRef = 11AE541B25FB9AE00064B3EA /* AKGrayThinDividerView.swift */; };
		11AE9C5C261A08B400FC1AAC /* AKStoriesCell.swift in Sources */ = {isa = PBXBuildFile; fileRef = 11AE9C5B261A08B400FC1AAC /* AKStoriesCell.swift */; };
		11AE9C6D261A202500FC1AAC /* AKCustomSearchController.swift in Sources */ = {isa = PBXBuildFile; fileRef = 11AE9C6C261A202500FC1AAC /* AKCustomSearchController.swift */; };
		11B80916261CE8030085793D /* AKPromotionsCell.swift in Sources */ = {isa = PBXBuildFile; fileRef = 11B80915261CE8030085793D /* AKPromotionsCell.swift */; };
		11C38F4A26077A41008A8CEF /* SocialNetworksStackView.swift in Sources */ = {isa = PBXBuildFile; fileRef = 11C38F4926077A41008A8CEF /* SocialNetworksStackView.swift */; };
		11D3AE902603715900F19071 /* AKAboutPageCell.swift in Sources */ = {isa = PBXBuildFile; fileRef = 11D3AE8F2603715900F19071 /* AKAboutPageCell.swift */; };
		11DE86F125ED83C000CFFD69 /* AppDelegate.swift in Sources */ = {isa = PBXBuildFile; fileRef = 11DE86F025ED83C000CFFD69 /* AppDelegate.swift */; };
		11DE86F325ED83C000CFFD69 /* SceneDelegate.swift in Sources */ = {isa = PBXBuildFile; fileRef = 11DE86F225ED83C000CFFD69 /* SceneDelegate.swift */; };
		11DE86F825ED83C000CFFD69 /* Main.storyboard in Resources */ = {isa = PBXBuildFile; fileRef = 11DE86F625ED83C000CFFD69 /* Main.storyboard */; };
		11DE86FA25ED83C700CFFD69 /* Assets.xcassets in Resources */ = {isa = PBXBuildFile; fileRef = 11DE86F925ED83C700CFFD69 /* Assets.xcassets */; };
		11DE86FD25ED83C700CFFD69 /* LaunchScreen.storyboard in Resources */ = {isa = PBXBuildFile; fileRef = 11DE86FB25ED83C700CFFD69 /* LaunchScreen.storyboard */; };
		11DE870925EE36DF00CFFD69 /* GreetingViewController.swift in Sources */ = {isa = PBXBuildFile; fileRef = 11DE870825EE36DF00CFFD69 /* GreetingViewController.swift */; };
		11DE871125EE3B6000CFFD69 /* AuthorizationViewController.swift in Sources */ = {isa = PBXBuildFile; fileRef = 11DE871025EE3B6000CFFD69 /* AuthorizationViewController.swift */; };
		11DEAE0C261709AD002B8D03 /* AKFavouriteViewController.swift in Sources */ = {isa = PBXBuildFile; fileRef = 11DEAE0B261709AD002B8D03 /* AKFavouriteViewController.swift */; };
		11DEAE10261732CD002B8D03 /* AKDefaults.swift in Sources */ = {isa = PBXBuildFile; fileRef = 11DEAE0F261732CD002B8D03 /* AKDefaults.swift */; };
		11DEAE132617687D002B8D03 /* NotificationName+Ex.swift in Sources */ = {isa = PBXBuildFile; fileRef = 11DEAE122617687D002B8D03 /* NotificationName+Ex.swift */; };
		11DEAE19261789B7002B8D03 /* UIView+Ex.swift in Sources */ = {isa = PBXBuildFile; fileRef = 11DEAE18261789B7002B8D03 /* UIView+Ex.swift */; };
		11DEAE1C26178A49002B8D03 /* UIEdgeInsets+Ex.swift in Sources */ = {isa = PBXBuildFile; fileRef = 11DEAE1B26178A49002B8D03 /* UIEdgeInsets+Ex.swift */; };
		11DEAE1F26178A8E002B8D03 /* Date+Ex.swift in Sources */ = {isa = PBXBuildFile; fileRef = 11DEAE1E26178A8E002B8D03 /* Date+Ex.swift */; };
		11E4101E26258EA7002C10DC /* StoriesViewController.swift in Sources */ = {isa = PBXBuildFile; fileRef = 11E4101D26258EA7002C10DC /* StoriesViewController.swift */; };
		11E410292625A73C002C10DC /* Localizable.strings in Resources */ = {isa = PBXBuildFile; fileRef = 11E4102B2625A73C002C10DC /* Localizable.strings */; };
		11E8C17F2627338B00CE9DC0 /* TMDeliveryVC.swift in Sources */ = {isa = PBXBuildFile; fileRef = 11E8C17E2627338B00CE9DC0 /* TMDeliveryVC.swift */; };
		11E8C1822627345900CE9DC0 /* TMDeliveryCell.swift in Sources */ = {isa = PBXBuildFile; fileRef = 11E8C1812627345900CE9DC0 /* TMDeliveryCell.swift */; };
		11EA6AB9262309800035550A /* TMCaller.swift in Sources */ = {isa = PBXBuildFile; fileRef = 11EA6AB8262309800035550A /* TMCaller.swift */; };
		11EA6ABC26230C5F0035550A /* AKVideoCell.swift in Sources */ = {isa = PBXBuildFile; fileRef = 11EA6ABB26230C5F0035550A /* AKVideoCell.swift */; };
		11EA6AC12624236F0035550A /* cat.json in Resources */ = {isa = PBXBuildFile; fileRef = 11EA6AC02624236F0035550A /* cat.json */; };
		11EBB3DE25FE7885000EF11B /* MedovikCakeViewController.swift in Sources */ = {isa = PBXBuildFile; fileRef = 11EBB3DD25FE7885000EF11B /* MedovikCakeViewController.swift */; };
		11EBB3F125FE7C62000EF11B /* Products.xcassets in Resources */ = {isa = PBXBuildFile; fileRef = 11EBB3F025FE7C62000EF11B /* Products.xcassets */; };
		11EF0E6325F227DB006FE5B8 /* ForgotPasswordViewController.swift in Sources */ = {isa = PBXBuildFile; fileRef = 11EF0E6225F227DB006FE5B8 /* ForgotPasswordViewController.swift */; };
		11EF0E6625F239B3006FE5B8 /* TMHomepageViewController.swift in Sources */ = {isa = PBXBuildFile; fileRef = 11EF0E6525F239B3006FE5B8 /* TMHomepageViewController.swift */; };
		11EF0E6A25F24B93006FE5B8 /* AKBigBlueButton.swift in Sources */ = {isa = PBXBuildFile; fileRef = 11EF0E6925F24B93006FE5B8 /* AKBigBlueButton.swift */; };
		11EF0E6D25F24EE7006FE5B8 /* AKWhiteAreaView.swift in Sources */ = {isa = PBXBuildFile; fileRef = 11EF0E6C25F24EE7006FE5B8 /* AKWhiteAreaView.swift */; };
		11EF0E7625F256EF006FE5B8 /* GoogleService-Info.plist in Resources */ = {isa = PBXBuildFile; fileRef = 11EF0E7525F256EF006FE5B8 /* GoogleService-Info.plist */; };
		A5665B6475732B466600DD95 /* Pods_TortyMozyrApp.framework in Frameworks */ = {isa = PBXBuildFile; fileRef = 58F213603539E15B2F34A3C6 /* Pods_TortyMozyrApp.framework */; };
/* End PBXBuildFile section */

/* Begin PBXFileReference section */
		11057A562603576C003AB1B9 /* AKAboutViewController.swift */ = {isa = PBXFileReference; lastKnownFileType = sourcecode.swift; path = AKAboutViewController.swift; sourceTree = "<group>"; };
		11057A5B260359D0003AB1B9 /* Media.xcassets */ = {isa = PBXFileReference; lastKnownFileType = folder.assetcatalog; path = Media.xcassets; sourceTree = "<group>"; };
		1110544525FB9E77002A6E79 /* AKCorporateBackgroundImageView.swift */ = {isa = PBXFileReference; lastKnownFileType = sourcecode.swift; path = AKCorporateBackgroundImageView.swift; sourceTree = "<group>"; };
		1110544825FBA0F8002A6E79 /* AKSubheaderTitleLabel.swift */ = {isa = PBXFileReference; lastKnownFileType = sourcecode.swift; path = AKSubheaderTitleLabel.swift; sourceTree = "<group>"; };
		111887A42624389400B5E97E /* TMMainMenuViewController.swift */ = {isa = PBXFileReference; lastKnownFileType = sourcecode.swift; path = TMMainMenuViewController.swift; sourceTree = "<group>"; };
		111887A826243C7800B5E97E /* TMMenuItemCell.swift */ = {isa = PBXFileReference; lastKnownFileType = sourcecode.swift; path = TMMenuItemCell.swift; sourceTree = "<group>"; };
		111887AB26243DD400B5E97E /* TMMenuItemModel.swift */ = {isa = PBXFileReference; lastKnownFileType = sourcecode.swift; path = TMMenuItemModel.swift; sourceTree = "<group>"; };
		1118A49E2604E95000AF722E /* delivery.map.json */ = {isa = PBXFileReference; fileEncoding = 4; lastKnownFileType = text.json; path = delivery.map.json; sourceTree = "<group>"; };
		114B69792626389F00376E11 /* CustomDeliveryData.swift */ = {isa = PBXFileReference; lastKnownFileType = sourcecode.swift; path = CustomDeliveryData.swift; sourceTree = "<group>"; };
		1156C20D260297CF00E85F37 /* AKStepper.swift */ = {isa = PBXFileReference; lastKnownFileType = sourcecode.swift; path = AKStepper.swift; sourceTree = "<group>"; };
		1175DC472624240B007C52B4 /* AKSorryPageViewController.swift */ = {isa = PBXFileReference; lastKnownFileType = sourcecode.swift; path = AKSorryPageViewController.swift; sourceTree = "<group>"; };
		1175F07425F69DDD0071EBD8 /* AKHeaderTitleLabel.swift */ = {isa = PBXFileReference; lastKnownFileType = sourcecode.swift; path = AKHeaderTitleLabel.swift; sourceTree = "<group>"; };
		1175F07725F7AF170071EBD8 /* AKSystemButton.swift */ = {isa = PBXFileReference; lastKnownFileType = sourcecode.swift; path = AKSystemButton.swift; sourceTree = "<group>"; };
		1178766F260C49A900970385 /* AKBasket.swift */ = {isa = PBXFileReference; lastKnownFileType = sourcecode.swift; path = AKBasket.swift; sourceTree = "<group>"; };
		117B9D6925F9181B001B172A /* RegisterViewController.swift */ = {isa = PBXFileReference; lastKnownFileType = sourcecode.swift; path = RegisterViewController.swift; sourceTree = "<group>"; };
		1181BD012618775500B42647 /* AKActualCell.swift */ = {isa = PBXFileReference; lastKnownFileType = sourcecode.swift; path = AKActualCell.swift; sourceTree = "<group>"; };
		1181BD06261878E900B42647 /* AKActualTableViewController.swift */ = {isa = PBXFileReference; lastKnownFileType = sourcecode.swift; path = AKActualTableViewController.swift; sourceTree = "<group>"; };
		11852E4F25F3D48100C412FF /* TMMenuViewController.swift */ = {isa = PBXFileReference; lastKnownFileType = sourcecode.swift; path = TMMenuViewController.swift; sourceTree = "<group>"; };
		11852E5225F3D49000C412FF /* TMDeliveryViewController.swift */ = {isa = PBXFileReference; lastKnownFileType = sourcecode.swift; path = TMDeliveryViewController.swift; sourceTree = "<group>"; };
		11852E5525F3D49F00C412FF /* TMBasketViewController.swift */ = {isa = PBXFileReference; lastKnownFileType = sourcecode.swift; path = TMBasketViewController.swift; sourceTree = "<group>"; };
		11852E5925F3D4E000C412FF /* TMMoreViewController.swift */ = {isa = PBXFileReference; lastKnownFileType = sourcecode.swift; path = TMMoreViewController.swift; sourceTree = "<group>"; };
		11852E5C25F3D54F00C412FF /* TMTabBarViewController.swift */ = {isa = PBXFileReference; lastKnownFileType = sourcecode.swift; path = TMTabBarViewController.swift; sourceTree = "<group>"; };
		118C3F932602111C00CCED7E /* AKBasketItemCell.swift */ = {isa = PBXFileReference; lastKnownFileType = sourcecode.swift; path = AKBasketItemCell.swift; sourceTree = "<group>"; };
		118C3F9826024D3700CCED7E /* AKViewController.swift */ = {isa = PBXFileReference; lastKnownFileType = sourcecode.swift; path = AKViewController.swift; sourceTree = "<group>"; };
		1193C19625EE4C5A00729DDB /* Colors.xcassets */ = {isa = PBXFileReference; lastKnownFileType = folder.assetcatalog; path = Colors.xcassets; sourceTree = "<group>"; };
		11A5E5D925F126A700908AB5 /* SocialMediaIcons.xcassets */ = {isa = PBXFileReference; lastKnownFileType = folder.assetcatalog; path = SocialMediaIcons.xcassets; sourceTree = "<group>"; };
		11AE541525FB96E70064B3EA /* AKDecrscriptionTitleLable.swift */ = {isa = PBXFileReference; lastKnownFileType = sourcecode.swift; path = AKDecrscriptionTitleLable.swift; sourceTree = "<group>"; };
		11AE541825FB99000064B3EA /* AKSmallBlueButton.swift */ = {isa = PBXFileReference; lastKnownFileType = sourcecode.swift; path = AKSmallBlueButton.swift; sourceTree = "<group>"; };
		11AE541B25FB9AE00064B3EA /* AKGrayThinDividerView.swift */ = {isa = PBXFileReference; lastKnownFileType = sourcecode.swift; path = AKGrayThinDividerView.swift; sourceTree = "<group>"; };
		11AE9C5B261A08B400FC1AAC /* AKStoriesCell.swift */ = {isa = PBXFileReference; lastKnownFileType = sourcecode.swift; path = AKStoriesCell.swift; sourceTree = "<group>"; };
		11AE9C6C261A202500FC1AAC /* AKCustomSearchController.swift */ = {isa = PBXFileReference; lastKnownFileType = sourcecode.swift; path = AKCustomSearchController.swift; sourceTree = "<group>"; };
		11B80915261CE8030085793D /* AKPromotionsCell.swift */ = {isa = PBXFileReference; lastKnownFileType = sourcecode.swift; path = AKPromotionsCell.swift; sourceTree = "<group>"; };
		11C38F4926077A41008A8CEF /* SocialNetworksStackView.swift */ = {isa = PBXFileReference; lastKnownFileType = sourcecode.swift; path = SocialNetworksStackView.swift; sourceTree = "<group>"; };
		11D3AE8F2603715900F19071 /* AKAboutPageCell.swift */ = {isa = PBXFileReference; lastKnownFileType = sourcecode.swift; path = AKAboutPageCell.swift; sourceTree = "<group>"; };
		11DE86ED25ED83C000CFFD69 /* TortyMozyrApp.app */ = {isa = PBXFileReference; explicitFileType = wrapper.application; includeInIndex = 0; path = TortyMozyrApp.app; sourceTree = BUILT_PRODUCTS_DIR; };
		11DE86F025ED83C000CFFD69 /* AppDelegate.swift */ = {isa = PBXFileReference; lastKnownFileType = sourcecode.swift; path = AppDelegate.swift; sourceTree = "<group>"; };
		11DE86F225ED83C000CFFD69 /* SceneDelegate.swift */ = {isa = PBXFileReference; lastKnownFileType = sourcecode.swift; path = SceneDelegate.swift; sourceTree = "<group>"; };
		11DE86F725ED83C000CFFD69 /* Base */ = {isa = PBXFileReference; lastKnownFileType = file.storyboard; name = Base; path = Base.lproj/Main.storyboard; sourceTree = "<group>"; };
		11DE86F925ED83C700CFFD69 /* Assets.xcassets */ = {isa = PBXFileReference; lastKnownFileType = folder.assetcatalog; path = Assets.xcassets; sourceTree = "<group>"; };
		11DE86FC25ED83C700CFFD69 /* Base */ = {isa = PBXFileReference; lastKnownFileType = file.storyboard; name = Base; path = Base.lproj/LaunchScreen.storyboard; sourceTree = "<group>"; };
		11DE86FE25ED83C700CFFD69 /* Info.plist */ = {isa = PBXFileReference; lastKnownFileType = text.plist.xml; path = Info.plist; sourceTree = "<group>"; };
		11DE870825EE36DF00CFFD69 /* GreetingViewController.swift */ = {isa = PBXFileReference; lastKnownFileType = sourcecode.swift; path = GreetingViewController.swift; sourceTree = "<group>"; };
		11DE871025EE3B6000CFFD69 /* AuthorizationViewController.swift */ = {isa = PBXFileReference; lastKnownFileType = sourcecode.swift; path = AuthorizationViewController.swift; sourceTree = "<group>"; };
		11DEAE0B261709AD002B8D03 /* AKFavouriteViewController.swift */ = {isa = PBXFileReference; lastKnownFileType = sourcecode.swift; path = AKFavouriteViewController.swift; sourceTree = "<group>"; };
		11DEAE0F261732CD002B8D03 /* AKDefaults.swift */ = {isa = PBXFileReference; lastKnownFileType = sourcecode.swift; path = AKDefaults.swift; sourceTree = "<group>"; };
		11DEAE122617687D002B8D03 /* NotificationName+Ex.swift */ = {isa = PBXFileReference; lastKnownFileType = sourcecode.swift; path = "NotificationName+Ex.swift"; sourceTree = "<group>"; };
		11DEAE18261789B7002B8D03 /* UIView+Ex.swift */ = {isa = PBXFileReference; lastKnownFileType = sourcecode.swift; path = "UIView+Ex.swift"; sourceTree = "<group>"; };
		11DEAE1B26178A49002B8D03 /* UIEdgeInsets+Ex.swift */ = {isa = PBXFileReference; lastKnownFileType = sourcecode.swift; path = "UIEdgeInsets+Ex.swift"; sourceTree = "<group>"; };
		11DEAE1E26178A8E002B8D03 /* Date+Ex.swift */ = {isa = PBXFileReference; lastKnownFileType = sourcecode.swift; path = "Date+Ex.swift"; sourceTree = "<group>"; };
		11E4101D26258EA7002C10DC /* StoriesViewController.swift */ = {isa = PBXFileReference; lastKnownFileType = sourcecode.swift; path = StoriesViewController.swift; sourceTree = "<group>"; };
		11E410262625A71B002C10DC /* ru */ = {isa = PBXFileReference; lastKnownFileType = text.plist.strings; name = ru; path = ru.lproj/LaunchScreen.strings; sourceTree = "<group>"; };
		11E410272625A71C002C10DC /* ru */ = {isa = PBXFileReference; lastKnownFileType = text.plist.strings; name = ru; path = ru.lproj/Main.strings; sourceTree = "<group>"; };
		11E4102A2625A73C002C10DC /* en */ = {isa = PBXFileReference; lastKnownFileType = text.plist.strings; name = en; path = en.lproj/Localizable.strings; sourceTree = "<group>"; };
		11E4102C2625A743002C10DC /* ru */ = {isa = PBXFileReference; lastKnownFileType = text.plist.strings; name = ru; path = ru.lproj/Localizable.strings; sourceTree = "<group>"; };
		11E8C17E2627338B00CE9DC0 /* TMDeliveryVC.swift */ = {isa = PBXFileReference; lastKnownFileType = sourcecode.swift; path = TMDeliveryVC.swift; sourceTree = "<group>"; };
		11E8C1812627345900CE9DC0 /* TMDeliveryCell.swift */ = {isa = PBXFileReference; lastKnownFileType = sourcecode.swift; path = TMDeliveryCell.swift; sourceTree = "<group>"; };
		11EA6AB8262309800035550A /* TMCaller.swift */ = {isa = PBXFileReference; lastKnownFileType = sourcecode.swift; path = TMCaller.swift; sourceTree = "<group>"; };
		11EA6ABB26230C5F0035550A /* AKVideoCell.swift */ = {isa = PBXFileReference; lastKnownFileType = sourcecode.swift; path = AKVideoCell.swift; sourceTree = "<group>"; };
		11EA6AC02624236F0035550A /* cat.json */ = {isa = PBXFileReference; fileEncoding = 4; lastKnownFileType = text.json; path = cat.json; sourceTree = "<group>"; };
		11EBB3DD25FE7885000EF11B /* MedovikCakeViewController.swift */ = {isa = PBXFileReference; lastKnownFileType = sourcecode.swift; path = MedovikCakeViewController.swift; sourceTree = "<group>"; };
		11EBB3F025FE7C62000EF11B /* Products.xcassets */ = {isa = PBXFileReference; lastKnownFileType = folder.assetcatalog; path = Products.xcassets; sourceTree = "<group>"; };
		11EF0E6225F227DB006FE5B8 /* ForgotPasswordViewController.swift */ = {isa = PBXFileReference; lastKnownFileType = sourcecode.swift; path = ForgotPasswordViewController.swift; sourceTree = "<group>"; };
		11EF0E6525F239B3006FE5B8 /* TMHomepageViewController.swift */ = {isa = PBXFileReference; lastKnownFileType = sourcecode.swift; path = TMHomepageViewController.swift; sourceTree = "<group>"; };
		11EF0E6925F24B93006FE5B8 /* AKBigBlueButton.swift */ = {isa = PBXFileReference; lastKnownFileType = sourcecode.swift; path = AKBigBlueButton.swift; sourceTree = "<group>"; };
		11EF0E6C25F24EE7006FE5B8 /* AKWhiteAreaView.swift */ = {isa = PBXFileReference; lastKnownFileType = sourcecode.swift; path = AKWhiteAreaView.swift; sourceTree = "<group>"; };
		11EF0E7525F256EF006FE5B8 /* GoogleService-Info.plist */ = {isa = PBXFileReference; fileEncoding = 4; lastKnownFileType = text.plist.xml; path = "GoogleService-Info.plist"; sourceTree = "<group>"; };
		58D93A5ACFBA7CCBEBE69502 /* Pods-TortyMozyrApp.release.xcconfig */ = {isa = PBXFileReference; includeInIndex = 1; lastKnownFileType = text.xcconfig; name = "Pods-TortyMozyrApp.release.xcconfig"; path = "Target Support Files/Pods-TortyMozyrApp/Pods-TortyMozyrApp.release.xcconfig"; sourceTree = "<group>"; };
		58F213603539E15B2F34A3C6 /* Pods_TortyMozyrApp.framework */ = {isa = PBXFileReference; explicitFileType = wrapper.framework; includeInIndex = 0; path = Pods_TortyMozyrApp.framework; sourceTree = BUILT_PRODUCTS_DIR; };
		727774C5D70190DFB0F8BFFA /* Pods-TortyMozyrApp.debug.xcconfig */ = {isa = PBXFileReference; includeInIndex = 1; lastKnownFileType = text.xcconfig; name = "Pods-TortyMozyrApp.debug.xcconfig"; path = "Target Support Files/Pods-TortyMozyrApp/Pods-TortyMozyrApp.debug.xcconfig"; sourceTree = "<group>"; };
/* End PBXFileReference section */

/* Begin PBXFrameworksBuildPhase section */
		11DE86EA25ED83C000CFFD69 /* Frameworks */ = {
			isa = PBXFrameworksBuildPhase;
			buildActionMask = 2147483647;
			files = (
				A5665B6475732B466600DD95 /* Pods_TortyMozyrApp.framework in Frameworks */,
			);
			runOnlyForDeploymentPostprocessing = 0;
		};
/* End PBXFrameworksBuildPhase section */

/* Begin PBXGroup section */
		11057A59260359AB003AB1B9 /* allPages */ = {
			isa = PBXGroup;
			children = (
				11057A5A260359BB003AB1B9 /* About */,
			);
			path = allPages;
			sourceTree = "<group>";
		};
		11057A5A260359BB003AB1B9 /* About */ = {
			isa = PBXGroup;
			children = (
				11057A5B260359D0003AB1B9 /* Media.xcassets */,
			);
			path = About;
			sourceTree = "<group>";
		};
		11057A5E26035C34003AB1B9 /* About */ = {
			isa = PBXGroup;
			children = (
				11D3AE89260370A900F19071 /* Views */,
				11057A562603576C003AB1B9 /* AKAboutViewController.swift */,
			);
			path = About;
			sourceTree = "<group>";
		};
		1110544425FB9E50002A6E79 /* ImageViews */ = {
			isa = PBXGroup;
			children = (
				1110544525FB9E77002A6E79 /* AKCorporateBackgroundImageView.swift */,
			);
			path = ImageViews;
			sourceTree = "<group>";
		};
		114B32D426178E2B007CBCAA /* Steppers */ = {
			isa = PBXGroup;
			children = (
				1156C20D260297CF00E85F37 /* AKStepper.swift */,
			);
			path = Steppers;
			sourceTree = "<group>";
		};
		114B69732626365500376E11 /* Views */ = {
			isa = PBXGroup;
			children = (
				114B69742626365B00376E11 /* Cells */,
			);
			path = Views;
			sourceTree = "<group>";
		};
		114B69742626365B00376E11 /* Cells */ = {
			isa = PBXGroup;
			children = (
				11E8C1812627345900CE9DC0 /* TMDeliveryCell.swift */,
			);
			path = Cells;
			sourceTree = "<group>";
		};
		114B69782626383A00376E11 /* Data */ = {
			isa = PBXGroup;
			children = (
				114B69792626389F00376E11 /* CustomDeliveryData.swift */,
			);
			path = Data;
			sourceTree = "<group>";
		};
		1176E0C125FFEF0C005F87AE /* Models */ = {
			isa = PBXGroup;
			children = (
			);
			path = Models;
			sourceTree = "<group>";
		};
		1178766E260C497000970385 /* Models */ = {
			isa = PBXGroup;
			children = (
				1178766F260C49A900970385 /* AKBasket.swift */,
			);
			path = Models;
			sourceTree = "<group>";
		};
		11787673260C49FC00970385 /* Models */ = {
			isa = PBXGroup;
			children = (
				111887AB26243DD400B5E97E /* TMMenuItemModel.swift */,
			);
			path = Models;
			sourceTree = "<group>";
		};
		1181BCF62617946B00B42647 /* Views */ = {
			isa = PBXGroup;
			children = (
				1181BCF72617947200B42647 /* Cells */,
			);
			path = Views;
			sourceTree = "<group>";
		};
		1181BCF72617947200B42647 /* Cells */ = {
			isa = PBXGroup;
			children = (
				111887A826243C7800B5E97E /* TMMenuItemCell.swift */,
			);
			path = Cells;
			sourceTree = "<group>";
		};
		1181BCFB2618715E00B42647 /* ActualVC */ = {
			isa = PBXGroup;
			children = (
				1181BCFF261876EB00B42647 /* Views */,
				1181BD06261878E900B42647 /* AKActualTableViewController.swift */,
			);
			path = ActualVC;
			sourceTree = "<group>";
		};
		1181BCFF261876EB00B42647 /* Views */ = {
			isa = PBXGroup;
			children = (
				1181BD00261876F200B42647 /* Cell */,
			);
			path = Views;
			sourceTree = "<group>";
		};
		1181BD00261876F200B42647 /* Cell */ = {
			isa = PBXGroup;
			children = (
				1181BD012618775500B42647 /* AKActualCell.swift */,
			);
			path = Cell;
			sourceTree = "<group>";
		};
		11852E6025F3DCFA00C412FF /* Auth */ = {
			isa = PBXGroup;
			children = (
				11DE870825EE36DF00CFFD69 /* GreetingViewController.swift */,
				11DE871025EE3B6000CFFD69 /* AuthorizationViewController.swift */,
				11EF0E6225F227DB006FE5B8 /* ForgotPasswordViewController.swift */,
				117B9D6925F9181B001B172A /* RegisterViewController.swift */,
			);
			path = Auth;
			sourceTree = "<group>";
		};
		118C3F9026020CF900CCED7E /* Cells */ = {
			isa = PBXGroup;
			children = (
				118C3F932602111C00CCED7E /* AKBasketItemCell.swift */,
			);
			path = Cells;
			sourceTree = "<group>";
		};
		118C3F922602101800CCED7E /* Views */ = {
			isa = PBXGroup;
			children = (
				118C3F9026020CF900CCED7E /* Cells */,
			);
			path = Views;
			sourceTree = "<group>";
		};
		11AE541E25FB9AEE0064B3EA /* Buttons */ = {
			isa = PBXGroup;
			children = (
				1175F07725F7AF170071EBD8 /* AKSystemButton.swift */,
				11EF0E6925F24B93006FE5B8 /* AKBigBlueButton.swift */,
				11AE541825FB99000064B3EA /* AKSmallBlueButton.swift */,
			);
			path = Buttons;
			sourceTree = "<group>";
		};
		11AE541F25FB9B060064B3EA /* Titles */ = {
			isa = PBXGroup;
			children = (
				1175F07425F69DDD0071EBD8 /* AKHeaderTitleLabel.swift */,
				1110544825FBA0F8002A6E79 /* AKSubheaderTitleLabel.swift */,
				11AE541525FB96E70064B3EA /* AKDecrscriptionTitleLable.swift */,
			);
			path = Titles;
			sourceTree = "<group>";
		};
		11AE542025FB9B390064B3EA /* Homepage */ = {
			isa = PBXGroup;
			children = (
				1181BCFB2618715E00B42647 /* ActualVC */,
				11E4101C26258E6C002C10DC /* StroriesContentVC */,
				11AE9C5F261A0F9B00FC1AAC /* Data */,
				11AE9C59261A084500FC1AAC /* Views */,
				11EF0E6525F239B3006FE5B8 /* TMHomepageViewController.swift */,
			);
			path = Homepage;
			sourceTree = "<group>";
		};
		11AE542125FB9B460064B3EA /* Menu */ = {
			isa = PBXGroup;
			children = (
				1181BCF62617946B00B42647 /* Views */,
				11EBB3DB25FE7859000EF11B /* Products */,
				11787673260C49FC00970385 /* Models */,
				111887A42624389400B5E97E /* TMMainMenuViewController.swift */,
				11852E4F25F3D48100C412FF /* TMMenuViewController.swift */,
			);
			path = Menu;
			sourceTree = "<group>";
		};
		11AE542225FB9B500064B3EA /* Delivery */ = {
			isa = PBXGroup;
			children = (
				114B69782626383A00376E11 /* Data */,
				114B69732626365500376E11 /* Views */,
				11E8C17E2627338B00CE9DC0 /* TMDeliveryVC.swift */,
				11852E5225F3D49000C412FF /* TMDeliveryViewController.swift */,
			);
			path = Delivery;
			sourceTree = "<group>";
		};
		11AE542325FB9B570064B3EA /* Basket */ = {
			isa = PBXGroup;
			children = (
				1178766E260C497000970385 /* Models */,
				118C3F922602101800CCED7E /* Views */,
				11852E5525F3D49F00C412FF /* TMBasketViewController.swift */,
			);
			path = Basket;
			sourceTree = "<group>";
		};
		11AE542425FB9B5D0064B3EA /* More */ = {
			isa = PBXGroup;
			children = (
				11DEAE0A26170985002B8D03 /* Favourites */,
				11057A5E26035C34003AB1B9 /* About */,
				11852E5925F3D4E000C412FF /* TMMoreViewController.swift */,
			);
			path = More;
			sourceTree = "<group>";
		};
		11AE542625FB9BDB0064B3EA /* Views */ = {
			isa = PBXGroup;
			children = (
				11AE541B25FB9AE00064B3EA /* AKGrayThinDividerView.swift */,
				11EF0E6C25F24EE7006FE5B8 /* AKWhiteAreaView.swift */,
			);
			path = Views;
			sourceTree = "<group>";
		};
		11AE9C59261A084500FC1AAC /* Views */ = {
			isa = PBXGroup;
			children = (
				11AE9C5A261A085700FC1AAC /* Cells */,
			);
			path = Views;
			sourceTree = "<group>";
		};
		11AE9C5A261A085700FC1AAC /* Cells */ = {
			isa = PBXGroup;
			children = (
				11AE9C5B261A08B400FC1AAC /* AKStoriesCell.swift */,
				11B80915261CE8030085793D /* AKPromotionsCell.swift */,
				11EA6ABB26230C5F0035550A /* AKVideoCell.swift */,
			);
			path = Cells;
			sourceTree = "<group>";
		};
		11AE9C5F261A0F9B00FC1AAC /* Data */ = {
			isa = PBXGroup;
			children = (
			);
			path = Data;
			sourceTree = "<group>";
		};
		11AE9C66261A1F4A00FC1AAC /* SearchController */ = {
			isa = PBXGroup;
			children = (
				11AE9C6C261A202500FC1AAC /* AKCustomSearchController.swift */,
			);
			path = SearchController;
			sourceTree = "<group>";
		};
		11C38F4826077A1E008A8CEF /* StackViews */ = {
			isa = PBXGroup;
			children = (
				11C38F4926077A41008A8CEF /* SocialNetworksStackView.swift */,
			);
			path = StackViews;
			sourceTree = "<group>";
		};
		11D3AE89260370A900F19071 /* Views */ = {
			isa = PBXGroup;
			children = (
				11D3AE8A260370B000F19071 /* Cells */,
			);
			path = Views;
			sourceTree = "<group>";
		};
		11D3AE8A260370B000F19071 /* Cells */ = {
			isa = PBXGroup;
			children = (
				11D3AE8F2603715900F19071 /* AKAboutPageCell.swift */,
			);
			path = Cells;
			sourceTree = "<group>";
		};
		11DE86E425ED83C000CFFD69 = {
			isa = PBXGroup;
			children = (
				11DE86EF25ED83C000CFFD69 /* TortyMozyrApp */,
				11DE86EE25ED83C000CFFD69 /* Products */,
				8CE43C6D595F6EF3C85E2C22 /* Pods */,
				7AB6C316F50562E124A4767E /* Frameworks */,
			);
			sourceTree = "<group>";
		};
		11DE86EE25ED83C000CFFD69 /* Products */ = {
			isa = PBXGroup;
			children = (
				11DE86ED25ED83C000CFFD69 /* TortyMozyrApp.app */,
			);
			name = Products;
			sourceTree = "<group>";
		};
		11DE86EF25ED83C000CFFD69 /* TortyMozyrApp */ = {
			isa = PBXGroup;
			children = (
				11DE870E25EE3AF500CFFD69 /* Controllers */,
				1176E0C125FFEF0C005F87AE /* Models */,
				11DE870F25EE3B1600CFFD69 /* Resources */,
				11DE870D25EE3AE000CFFD69 /* Extensions */,
				11DE870C25EE3AD700CFFD69 /* Common */,
				11DE86F025ED83C000CFFD69 /* AppDelegate.swift */,
				11DE86F225ED83C000CFFD69 /* SceneDelegate.swift */,
				11DE86F625ED83C000CFFD69 /* Main.storyboard */,
				11DE86FE25ED83C700CFFD69 /* Info.plist */,
				11EF0E7525F256EF006FE5B8 /* GoogleService-Info.plist */,
			);
			path = TortyMozyrApp;
			sourceTree = "<group>";
		};
		11DE870C25EE3AD700CFFD69 /* Common */ = {
			isa = PBXGroup;
			children = (
				11AE9C66261A1F4A00FC1AAC /* SearchController */,
				114B32D426178E2B007CBCAA /* Steppers */,
				11DEAE0E261732B3002B8D03 /* DataSaving */,
				11C38F4826077A1E008A8CEF /* StackViews */,
				1110544425FB9E50002A6E79 /* ImageViews */,
				11AE542625FB9BDB0064B3EA /* Views */,
				11AE541F25FB9B060064B3EA /* Titles */,
				11AE541E25FB9AEE0064B3EA /* Buttons */,
			);
			path = Common;
			sourceTree = "<group>";
		};
		11DE870D25EE3AE000CFFD69 /* Extensions */ = {
			isa = PBXGroup;
			children = (
				11DEAE122617687D002B8D03 /* NotificationName+Ex.swift */,
				11DEAE18261789B7002B8D03 /* UIView+Ex.swift */,
				11DEAE1B26178A49002B8D03 /* UIEdgeInsets+Ex.swift */,
				11DEAE1E26178A8E002B8D03 /* Date+Ex.swift */,
			);
			path = Extensions;
			sourceTree = "<group>";
		};
		11DE870E25EE3AF500CFFD69 /* Controllers */ = {
			isa = PBXGroup;
			children = (
				11852E6025F3DCFA00C412FF /* Auth */,
				11AE542025FB9B390064B3EA /* Homepage */,
				11AE542125FB9B460064B3EA /* Menu */,
				11AE542225FB9B500064B3EA /* Delivery */,
				11AE542325FB9B570064B3EA /* Basket */,
				11AE542425FB9B5D0064B3EA /* More */,
				11852E5C25F3D54F00C412FF /* TMTabBarViewController.swift */,
				11EA6AB8262309800035550A /* TMCaller.swift */,
				1175DC472624240B007C52B4 /* AKSorryPageViewController.swift */,
				118C3F9826024D3700CCED7E /* AKViewController.swift */,
			);
			path = Controllers;
			sourceTree = "<group>";
		};
		11DE870F25EE3B1600CFFD69 /* Resources */ = {
			isa = PBXGroup;
			children = (
				11E410212625A67D002C10DC /* Localization */,
				11EA6ABE262422F90035550A /* LottieAnimationJSON */,
				11057A59260359AB003AB1B9 /* allPages */,
				11DE86F925ED83C700CFFD69 /* Assets.xcassets */,
				1193C19625EE4C5A00729DDB /* Colors.xcassets */,
				11A5E5D925F126A700908AB5 /* SocialMediaIcons.xcassets */,
				11EBB3F025FE7C62000EF11B /* Products.xcassets */,
				11DE86FB25ED83C700CFFD69 /* LaunchScreen.storyboard */,
			);
			path = Resources;
			sourceTree = "<group>";
		};
		11DEAE0A26170985002B8D03 /* Favourites */ = {
			isa = PBXGroup;
			children = (
				11DEAE0B261709AD002B8D03 /* AKFavouriteViewController.swift */,
			);
			path = Favourites;
			sourceTree = "<group>";
		};
		11DEAE0E261732B3002B8D03 /* DataSaving */ = {
			isa = PBXGroup;
			children = (
				11DEAE0F261732CD002B8D03 /* AKDefaults.swift */,
			);
			path = DataSaving;
			sourceTree = "<group>";
		};
		11E4101C26258E6C002C10DC /* StroriesContentVC */ = {
			isa = PBXGroup;
			children = (
				11E4101D26258EA7002C10DC /* StoriesViewController.swift */,
			);
			path = StroriesContentVC;
			sourceTree = "<group>";
		};
		11E410212625A67D002C10DC /* Localization */ = {
			isa = PBXGroup;
			children = (
				11E4102B2625A73C002C10DC /* Localizable.strings */,
			);
			path = Localization;
			sourceTree = "<group>";
		};
		11EA6ABE262422F90035550A /* LottieAnimationJSON */ = {
			isa = PBXGroup;
			children = (
				11EA6AC02624236F0035550A /* cat.json */,
				1118A49E2604E95000AF722E /* delivery.map.json */,
			);
			path = LottieAnimationJSON;
			sourceTree = "<group>";
		};
		11EBB3DB25FE7859000EF11B /* Products */ = {
			isa = PBXGroup;
			children = (
				11EBB3DC25FE7865000EF11B /* Cakes */,
			);
			path = Products;
			sourceTree = "<group>";
		};
		11EBB3DC25FE7865000EF11B /* Cakes */ = {
			isa = PBXGroup;
			children = (
				11EBB3DD25FE7885000EF11B /* MedovikCakeViewController.swift */,
			);
			path = Cakes;
			sourceTree = "<group>";
		};
		7AB6C316F50562E124A4767E /* Frameworks */ = {
			isa = PBXGroup;
			children = (
				58F213603539E15B2F34A3C6 /* Pods_TortyMozyrApp.framework */,
			);
			name = Frameworks;
			sourceTree = "<group>";
		};
		8CE43C6D595F6EF3C85E2C22 /* Pods */ = {
			isa = PBXGroup;
			children = (
				727774C5D70190DFB0F8BFFA /* Pods-TortyMozyrApp.debug.xcconfig */,
				58D93A5ACFBA7CCBEBE69502 /* Pods-TortyMozyrApp.release.xcconfig */,
			);
			path = Pods;
			sourceTree = "<group>";
		};
/* End PBXGroup section */

/* Begin PBXNativeTarget section */
		11DE86EC25ED83C000CFFD69 /* TortyMozyrApp */ = {
			isa = PBXNativeTarget;
			buildConfigurationList = 11DE870125ED83C700CFFD69 /* Build configuration list for PBXNativeTarget "TortyMozyrApp" */;
			buildPhases = (
				4514C73058DCE32D71107CF5 /* [CP] Check Pods Manifest.lock */,
				11DE86E925ED83C000CFFD69 /* Sources */,
				11DE86EA25ED83C000CFFD69 /* Frameworks */,
				11DE86EB25ED83C000CFFD69 /* Resources */,
				11DE870525ED850600CFFD69 /* ShellScript */,
				7759A0E5A5DFF53CF7D96A4F /* [CP] Embed Pods Frameworks */,
			);
			buildRules = (
			);
			dependencies = (
			);
			name = TortyMozyrApp;
			productName = TortyMozyrApp;
			productReference = 11DE86ED25ED83C000CFFD69 /* TortyMozyrApp.app */;
			productType = "com.apple.product-type.application";
		};
/* End PBXNativeTarget section */

/* Begin PBXProject section */
		11DE86E525ED83C000CFFD69 /* Project object */ = {
			isa = PBXProject;
			attributes = {
				LastSwiftUpdateCheck = 1240;
				LastUpgradeCheck = 1240;
				TargetAttributes = {
					11DE86EC25ED83C000CFFD69 = {
						CreatedOnToolsVersion = 12.4;
					};
				};
			};
			buildConfigurationList = 11DE86E825ED83C000CFFD69 /* Build configuration list for PBXProject "TortyMozyrApp" */;
			compatibilityVersion = "Xcode 9.3";
			developmentRegion = en;
			hasScannedForEncodings = 0;
			knownRegions = (
				en,
				Base,
				ru,
			);
			mainGroup = 11DE86E425ED83C000CFFD69;
			productRefGroup = 11DE86EE25ED83C000CFFD69 /* Products */;
			projectDirPath = "";
			projectRoot = "";
			targets = (
				11DE86EC25ED83C000CFFD69 /* TortyMozyrApp */,
			);
		};
/* End PBXProject section */

/* Begin PBXResourcesBuildPhase section */
		11DE86EB25ED83C000CFFD69 /* Resources */ = {
			isa = PBXResourcesBuildPhase;
			buildActionMask = 2147483647;
			files = (
				11DE86FD25ED83C700CFFD69 /* LaunchScreen.storyboard in Resources */,
				1193C19725EE4C5A00729DDB /* Colors.xcassets in Resources */,
				11E410292625A73C002C10DC /* Localizable.strings in Resources */,
				11057A5C260359D0003AB1B9 /* Media.xcassets in Resources */,
				1118A4A02604E95000AF722E /* delivery.map.json in Resources */,
				11DE86FA25ED83C700CFFD69 /* Assets.xcassets in Resources */,
				11EBB3F125FE7C62000EF11B /* Products.xcassets in Resources */,
				11DE86F825ED83C000CFFD69 /* Main.storyboard in Resources */,
				11A5E5DA25F126A700908AB5 /* SocialMediaIcons.xcassets in Resources */,
				11EA6AC12624236F0035550A /* cat.json in Resources */,
				11EF0E7625F256EF006FE5B8 /* GoogleService-Info.plist in Resources */,
			);
			runOnlyForDeploymentPostprocessing = 0;
		};
/* End PBXResourcesBuildPhase section */

/* Begin PBXShellScriptBuildPhase section */
		11DE870525ED850600CFFD69 /* ShellScript */ = {
			isa = PBXShellScriptBuildPhase;
			buildActionMask = 2147483647;
			files = (
			);
			inputFileListPaths = (
			);
			inputPaths = (
			);
			outputFileListPaths = (
			);
			outputPaths = (
			);
			runOnlyForDeploymentPostprocessing = 0;
			shellPath = /bin/sh;
			shellScript = "if which swiftlint >/dev/null; then\n  swiftlint\nelse\n  echo \"warning: SwiftLint not installed, download from https://github.com/realm/SwiftLint\"\nfi\n";
		};
		4514C73058DCE32D71107CF5 /* [CP] Check Pods Manifest.lock */ = {
			isa = PBXShellScriptBuildPhase;
			buildActionMask = 2147483647;
			files = (
			);
			inputFileListPaths = (
			);
			inputPaths = (
				"${PODS_PODFILE_DIR_PATH}/Podfile.lock",
				"${PODS_ROOT}/Manifest.lock",
			);
			name = "[CP] Check Pods Manifest.lock";
			outputFileListPaths = (
			);
			outputPaths = (
				"$(DERIVED_FILE_DIR)/Pods-TortyMozyrApp-checkManifestLockResult.txt",
			);
			runOnlyForDeploymentPostprocessing = 0;
			shellPath = /bin/sh;
			shellScript = "diff \"${PODS_PODFILE_DIR_PATH}/Podfile.lock\" \"${PODS_ROOT}/Manifest.lock\" > /dev/null\nif [ $? != 0 ] ; then\n    # print error to STDERR\n    echo \"error: The sandbox is not in sync with the Podfile.lock. Run 'pod install' or update your CocoaPods installation.\" >&2\n    exit 1\nfi\n# This output is used by Xcode 'outputs' to avoid re-running this script phase.\necho \"SUCCESS\" > \"${SCRIPT_OUTPUT_FILE_0}\"\n";
			showEnvVarsInLog = 0;
		};
		7759A0E5A5DFF53CF7D96A4F /* [CP] Embed Pods Frameworks */ = {
			isa = PBXShellScriptBuildPhase;
			buildActionMask = 2147483647;
			files = (
			);
			inputFileListPaths = (
				"${PODS_ROOT}/Target Support Files/Pods-TortyMozyrApp/Pods-TortyMozyrApp-frameworks-${CONFIGURATION}-input-files.xcfilelist",
			);
			name = "[CP] Embed Pods Frameworks";
			outputFileListPaths = (
				"${PODS_ROOT}/Target Support Files/Pods-TortyMozyrApp/Pods-TortyMozyrApp-frameworks-${CONFIGURATION}-output-files.xcfilelist",
			);
			runOnlyForDeploymentPostprocessing = 0;
			shellPath = /bin/sh;
			shellScript = "\"${PODS_ROOT}/Target Support Files/Pods-TortyMozyrApp/Pods-TortyMozyrApp-frameworks.sh\"\n";
			showEnvVarsInLog = 0;
		};
/* End PBXShellScriptBuildPhase section */

/* Begin PBXSourcesBuildPhase section */
		11DE86E925ED83C000CFFD69 /* Sources */ = {
			isa = PBXSourcesBuildPhase;
			buildActionMask = 2147483647;
			files = (
				11DE871125EE3B6000CFFD69 /* AuthorizationViewController.swift in Sources */,
				11EA6ABC26230C5F0035550A /* AKVideoCell.swift in Sources */,
				1175F07825F7AF170071EBD8 /* AKSystemButton.swift in Sources */,
				11787670260C49A900970385 /* AKBasket.swift in Sources */,
				11057A572603576C003AB1B9 /* AKAboutViewController.swift in Sources */,
				11852E5625F3D49F00C412FF /* TMBasketViewController.swift in Sources */,
				1156C20E260297CF00E85F37 /* AKStepper.swift in Sources */,
				11C38F4A26077A41008A8CEF /* SocialNetworksStackView.swift in Sources */,
				11EF0E6325F227DB006FE5B8 /* ForgotPasswordViewController.swift in Sources */,
				1110544625FB9E77002A6E79 /* AKCorporateBackgroundImageView.swift in Sources */,
				11852E5025F3D48100C412FF /* TMMenuViewController.swift in Sources */,
				11852E5D25F3D54F00C412FF /* TMTabBarViewController.swift in Sources */,
				11852E5A25F3D4E000C412FF /* TMMoreViewController.swift in Sources */,
				11EF0E6D25F24EE7006FE5B8 /* AKWhiteAreaView.swift in Sources */,
				1175DC482624240B007C52B4 /* AKSorryPageViewController.swift in Sources */,
				11852E5325F3D49000C412FF /* TMDeliveryViewController.swift in Sources */,
				111887A52624389500B5E97E /* TMMainMenuViewController.swift in Sources */,
				11EF0E6625F239B3006FE5B8 /* TMHomepageViewController.swift in Sources */,
				11DEAE10261732CD002B8D03 /* AKDefaults.swift in Sources */,
				11EA6AB9262309800035550A /* TMCaller.swift in Sources */,
				11DEAE1C26178A49002B8D03 /* UIEdgeInsets+Ex.swift in Sources */,
				11E8C17F2627338B00CE9DC0 /* TMDeliveryVC.swift in Sources */,
				1181BD07261878E900B42647 /* AKActualTableViewController.swift in Sources */,
				11B80916261CE8030085793D /* AKPromotionsCell.swift in Sources */,
				11DEAE132617687D002B8D03 /* NotificationName+Ex.swift in Sources */,
				111887A926243C7800B5E97E /* TMMenuItemCell.swift in Sources */,
				11E4101E26258EA7002C10DC /* StoriesViewController.swift in Sources */,
				11EF0E6A25F24B93006FE5B8 /* AKBigBlueButton.swift in Sources */,
				11AE541925FB99000064B3EA /* AKSmallBlueButton.swift in Sources */,
				11DE86F125ED83C000CFFD69 /* AppDelegate.swift in Sources */,
				1110544925FBA0F8002A6E79 /* AKSubheaderTitleLabel.swift in Sources */,
				114B697A2626389F00376E11 /* CustomDeliveryData.swift in Sources */,
				11DEAE0C261709AD002B8D03 /* AKFavouriteViewController.swift in Sources */,
				11DEAE1F26178A8E002B8D03 /* Date+Ex.swift in Sources */,
				11AE541625FB96E70064B3EA /* AKDecrscriptionTitleLable.swift in Sources */,
				11D3AE902603715900F19071 /* AKAboutPageCell.swift in Sources */,
				11EBB3DE25FE7885000EF11B /* MedovikCakeViewController.swift in Sources */,
				117B9D6A25F9181B001B172A /* RegisterViewController.swift in Sources */,
				11DE870925EE36DF00CFFD69 /* GreetingViewController.swift in Sources */,
				118C3F942602111D00CCED7E /* AKBasketItemCell.swift in Sources */,
				118C3F9926024D3700CCED7E /* AKViewController.swift in Sources */,
				1181BD022618775500B42647 /* AKActualCell.swift in Sources */,
				11E8C1822627345900CE9DC0 /* TMDeliveryCell.swift in Sources */,
				11AE9C5C261A08B400FC1AAC /* AKStoriesCell.swift in Sources */,
				111887AC26243DD400B5E97E /* TMMenuItemModel.swift in Sources */,
				11AE541C25FB9AE00064B3EA /* AKGrayThinDividerView.swift in Sources */,
				1175F07525F69DDD0071EBD8 /* AKHeaderTitleLabel.swift in Sources */,
				11DE86F325ED83C000CFFD69 /* SceneDelegate.swift in Sources */,
				11AE9C6D261A202500FC1AAC /* AKCustomSearchController.swift in Sources */,
				11DEAE19261789B7002B8D03 /* UIView+Ex.swift in Sources */,
			);
			runOnlyForDeploymentPostprocessing = 0;
		};
/* End PBXSourcesBuildPhase section */

/* Begin PBXVariantGroup section */
		11DE86F625ED83C000CFFD69 /* Main.storyboard */ = {
			isa = PBXVariantGroup;
			children = (
				11DE86F725ED83C000CFFD69 /* Base */,
				11E410272625A71C002C10DC /* ru */,
			);
			name = Main.storyboard;
			sourceTree = "<group>";
		};
		11DE86FB25ED83C700CFFD69 /* LaunchScreen.storyboard */ = {
			isa = PBXVariantGroup;
			children = (
				11DE86FC25ED83C700CFFD69 /* Base */,
				11E410262625A71B002C10DC /* ru */,
			);
			name = LaunchScreen.storyboard;
			sourceTree = "<group>";
		};
		11E4102B2625A73C002C10DC /* Localizable.strings */ = {
			isa = PBXVariantGroup;
			children = (
				11E4102A2625A73C002C10DC /* en */,
				11E4102C2625A743002C10DC /* ru */,
			);
			name = Localizable.strings;
			sourceTree = "<group>";
		};
/* End PBXVariantGroup section */

/* Begin XCBuildConfiguration section */
		11DE86FF25ED83C700CFFD69 /* Debug */ = {
			isa = XCBuildConfiguration;
			buildSettings = {
				ALWAYS_SEARCH_USER_PATHS = NO;
				CLANG_ANALYZER_LOCALIZABILITY_NONLOCALIZED = YES;
				CLANG_ANALYZER_NONNULL = YES;
				CLANG_ANALYZER_NUMBER_OBJECT_CONVERSION = YES_AGGRESSIVE;
				CLANG_CXX_LANGUAGE_STANDARD = "gnu++14";
				CLANG_CXX_LIBRARY = "libc++";
				CLANG_ENABLE_MODULES = YES;
				CLANG_ENABLE_OBJC_ARC = YES;
				CLANG_ENABLE_OBJC_WEAK = YES;
				CLANG_WARN_BLOCK_CAPTURE_AUTORELEASING = YES;
				CLANG_WARN_BOOL_CONVERSION = YES;
				CLANG_WARN_COMMA = YES;
				CLANG_WARN_CONSTANT_CONVERSION = YES;
				CLANG_WARN_DEPRECATED_OBJC_IMPLEMENTATIONS = YES;
				CLANG_WARN_DIRECT_OBJC_ISA_USAGE = YES_ERROR;
				CLANG_WARN_DOCUMENTATION_COMMENTS = YES;
				CLANG_WARN_EMPTY_BODY = YES;
				CLANG_WARN_ENUM_CONVERSION = YES;
				CLANG_WARN_INFINITE_RECURSION = YES;
				CLANG_WARN_INT_CONVERSION = YES;
				CLANG_WARN_NON_LITERAL_NULL_CONVERSION = YES;
				CLANG_WARN_OBJC_IMPLICIT_RETAIN_SELF = YES;
				CLANG_WARN_OBJC_LITERAL_CONVERSION = YES;
				CLANG_WARN_OBJC_ROOT_CLASS = YES_ERROR;
				CLANG_WARN_QUOTED_INCLUDE_IN_FRAMEWORK_HEADER = YES;
				CLANG_WARN_RANGE_LOOP_ANALYSIS = YES;
				CLANG_WARN_STRICT_PROTOTYPES = YES;
				CLANG_WARN_SUSPICIOUS_MOVE = YES;
				CLANG_WARN_UNGUARDED_AVAILABILITY = YES_AGGRESSIVE;
				CLANG_WARN_UNREACHABLE_CODE = YES;
				CLANG_WARN__DUPLICATE_METHOD_MATCH = YES;
				COPY_PHASE_STRIP = NO;
				DEBUG_INFORMATION_FORMAT = dwarf;
				ENABLE_STRICT_OBJC_MSGSEND = YES;
				ENABLE_TESTABILITY = YES;
				GCC_C_LANGUAGE_STANDARD = gnu11;
				GCC_DYNAMIC_NO_PIC = NO;
				GCC_NO_COMMON_BLOCKS = YES;
				GCC_OPTIMIZATION_LEVEL = 0;
				GCC_PREPROCESSOR_DEFINITIONS = (
					"DEBUG=1",
					"$(inherited)",
				);
				GCC_WARN_64_TO_32_BIT_CONVERSION = YES;
				GCC_WARN_ABOUT_RETURN_TYPE = YES_ERROR;
				GCC_WARN_UNDECLARED_SELECTOR = YES;
				GCC_WARN_UNINITIALIZED_AUTOS = YES_AGGRESSIVE;
				GCC_WARN_UNUSED_FUNCTION = YES;
				GCC_WARN_UNUSED_VARIABLE = YES;
				IPHONEOS_DEPLOYMENT_TARGET = 14.4;
				MTL_ENABLE_DEBUG_INFO = INCLUDE_SOURCE;
				MTL_FAST_MATH = YES;
				ONLY_ACTIVE_ARCH = YES;
				SDKROOT = iphoneos;
				SWIFT_ACTIVE_COMPILATION_CONDITIONS = DEBUG;
				SWIFT_OPTIMIZATION_LEVEL = "-Onone";
			};
			name = Debug;
		};
		11DE870025ED83C700CFFD69 /* Release */ = {
			isa = XCBuildConfiguration;
			buildSettings = {
				ALWAYS_SEARCH_USER_PATHS = NO;
				CLANG_ANALYZER_LOCALIZABILITY_NONLOCALIZED = YES;
				CLANG_ANALYZER_NONNULL = YES;
				CLANG_ANALYZER_NUMBER_OBJECT_CONVERSION = YES_AGGRESSIVE;
				CLANG_CXX_LANGUAGE_STANDARD = "gnu++14";
				CLANG_CXX_LIBRARY = "libc++";
				CLANG_ENABLE_MODULES = YES;
				CLANG_ENABLE_OBJC_ARC = YES;
				CLANG_ENABLE_OBJC_WEAK = YES;
				CLANG_WARN_BLOCK_CAPTURE_AUTORELEASING = YES;
				CLANG_WARN_BOOL_CONVERSION = YES;
				CLANG_WARN_COMMA = YES;
				CLANG_WARN_CONSTANT_CONVERSION = YES;
				CLANG_WARN_DEPRECATED_OBJC_IMPLEMENTATIONS = YES;
				CLANG_WARN_DIRECT_OBJC_ISA_USAGE = YES_ERROR;
				CLANG_WARN_DOCUMENTATION_COMMENTS = YES;
				CLANG_WARN_EMPTY_BODY = YES;
				CLANG_WARN_ENUM_CONVERSION = YES;
				CLANG_WARN_INFINITE_RECURSION = YES;
				CLANG_WARN_INT_CONVERSION = YES;
				CLANG_WARN_NON_LITERAL_NULL_CONVERSION = YES;
				CLANG_WARN_OBJC_IMPLICIT_RETAIN_SELF = YES;
				CLANG_WARN_OBJC_LITERAL_CONVERSION = YES;
				CLANG_WARN_OBJC_ROOT_CLASS = YES_ERROR;
				CLANG_WARN_QUOTED_INCLUDE_IN_FRAMEWORK_HEADER = YES;
				CLANG_WARN_RANGE_LOOP_ANALYSIS = YES;
				CLANG_WARN_STRICT_PROTOTYPES = YES;
				CLANG_WARN_SUSPICIOUS_MOVE = YES;
				CLANG_WARN_UNGUARDED_AVAILABILITY = YES_AGGRESSIVE;
				CLANG_WARN_UNREACHABLE_CODE = YES;
				CLANG_WARN__DUPLICATE_METHOD_MATCH = YES;
				COPY_PHASE_STRIP = NO;
				DEBUG_INFORMATION_FORMAT = "dwarf-with-dsym";
				ENABLE_NS_ASSERTIONS = NO;
				ENABLE_STRICT_OBJC_MSGSEND = YES;
				GCC_C_LANGUAGE_STANDARD = gnu11;
				GCC_NO_COMMON_BLOCKS = YES;
				GCC_WARN_64_TO_32_BIT_CONVERSION = YES;
				GCC_WARN_ABOUT_RETURN_TYPE = YES_ERROR;
				GCC_WARN_UNDECLARED_SELECTOR = YES;
				GCC_WARN_UNINITIALIZED_AUTOS = YES_AGGRESSIVE;
				GCC_WARN_UNUSED_FUNCTION = YES;
				GCC_WARN_UNUSED_VARIABLE = YES;
				IPHONEOS_DEPLOYMENT_TARGET = 14.4;
				MTL_ENABLE_DEBUG_INFO = NO;
				MTL_FAST_MATH = YES;
				SDKROOT = iphoneos;
				SWIFT_COMPILATION_MODE = wholemodule;
				SWIFT_OPTIMIZATION_LEVEL = "-O";
				VALIDATE_PRODUCT = YES;
			};
			name = Release;
		};
		11DE870225ED83C700CFFD69 /* Debug */ = {
			isa = XCBuildConfiguration;
			baseConfigurationReference = 727774C5D70190DFB0F8BFFA /* Pods-TortyMozyrApp.debug.xcconfig */;
			buildSettings = {
				ASSETCATALOG_COMPILER_APPICON_NAME = AppIcon;
				ASSETCATALOG_COMPILER_GLOBAL_ACCENT_COLOR_NAME = AccentColor;
				CODE_SIGN_STYLE = Automatic;
				DEVELOPMENT_TEAM = 7DH4AL3XKU;
				INFOPLIST_FILE = TortyMozyrApp/Info.plist;
				IPHONEOS_DEPLOYMENT_TARGET = 14.4;
				LD_RUNPATH_SEARCH_PATHS = (
					"$(inherited)",
					"@executable_path/Frameworks",
				);
				PRODUCT_BUNDLE_IDENTIFIER = by.kapchuk.TortyMozyrApp;
				PRODUCT_NAME = "$(TARGET_NAME)";
				SWIFT_VERSION = 5.0;
				TARGETED_DEVICE_FAMILY = "1,2";
			};
			name = Debug;
		};
		11DE870325ED83C700CFFD69 /* Release */ = {
			isa = XCBuildConfiguration;
			baseConfigurationReference = 58D93A5ACFBA7CCBEBE69502 /* Pods-TortyMozyrApp.release.xcconfig */;
			buildSettings = {
				ASSETCATALOG_COMPILER_APPICON_NAME = AppIcon;
				ASSETCATALOG_COMPILER_GLOBAL_ACCENT_COLOR_NAME = AccentColor;
				CODE_SIGN_STYLE = Automatic;
				DEVELOPMENT_TEAM = 7DH4AL3XKU;
				INFOPLIST_FILE = TortyMozyrApp/Info.plist;
				IPHONEOS_DEPLOYMENT_TARGET = 14.4;
				LD_RUNPATH_SEARCH_PATHS = (
					"$(inherited)",
					"@executable_path/Frameworks",
				);
				PRODUCT_BUNDLE_IDENTIFIER = by.kapchuk.TortyMozyrApp;
				PRODUCT_NAME = "$(TARGET_NAME)";
				SWIFT_VERSION = 5.0;
				TARGETED_DEVICE_FAMILY = "1,2";
			};
			name = Release;
		};
/* End XCBuildConfiguration section */

/* Begin XCConfigurationList section */
		11DE86E825ED83C000CFFD69 /* Build configuration list for PBXProject "TortyMozyrApp" */ = {
			isa = XCConfigurationList;
			buildConfigurations = (
				11DE86FF25ED83C700CFFD69 /* Debug */,
				11DE870025ED83C700CFFD69 /* Release */,
			);
			defaultConfigurationIsVisible = 0;
			defaultConfigurationName = Release;
		};
		11DE870125ED83C700CFFD69 /* Build configuration list for PBXNativeTarget "TortyMozyrApp" */ = {
			isa = XCConfigurationList;
			buildConfigurations = (
				11DE870225ED83C700CFFD69 /* Debug */,
				11DE870325ED83C700CFFD69 /* Release */,
			);
			defaultConfigurationIsVisible = 0;
			defaultConfigurationName = Release;
		};
/* End XCConfigurationList section */
	};
	rootObject = 11DE86E525ED83C000CFFD69 /* Project object */;
}
